// !$*UTF8*$!
{
	archiveVersion = 1;
	classes = {
	};
	objectVersion = 46;
	objects = {

/* Begin PBXBuildFile section */
		E76D73B61B01E91200DA686A /* main.m in Sources */ = {isa = PBXBuildFile; fileRef = E76D73B51B01E91200DA686A /* main.m */; };
		E76D73B91B01E91200DA686A /* AppDelegate.m in Sources */ = {isa = PBXBuildFile; fileRef = E76D73B81B01E91200DA686A /* AppDelegate.m */; };
		E76D73BC1B01E91200DA686A /* ViewController.m in Sources */ = {isa = PBXBuildFile; fileRef = E76D73BB1B01E91200DA686A /* ViewController.m */; };
		E76D73BF1B01E91200DA686A /* Main.storyboard in Resources */ = {isa = PBXBuildFile; fileRef = E76D73BD1B01E91200DA686A /* Main.storyboard */; };
		E76D73C11B01E91200DA686A /* Images.xcassets in Resources */ = {isa = PBXBuildFile; fileRef = E76D73C01B01E91200DA686A /* Images.xcassets */; };
		E76D73C41B01E91200DA686A /* LaunchScreen.xib in Resources */ = {isa = PBXBuildFile; fileRef = E76D73C21B01E91200DA686A /* LaunchScreen.xib */; };
		E76D73D01B01E91200DA686A /* ASETimeIntervalButtonTests.m in Sources */ = {isa = PBXBuildFile; fileRef = E76D73CF1B01E91200DA686A /* ASETimeIntervalButtonTests.m */; };
		E76D73DC1B01E95C00DA686A /* ASETimeIntervalButton.m in Sources */ = {isa = PBXBuildFile; fileRef = E76D73DB1B01E95C00DA686A /* ASETimeIntervalButton.m */; };
/* End PBXBuildFile section */

/* Begin PBXContainerItemProxy section */
		E76D73CA1B01E91200DA686A /* PBXContainerItemProxy */ = {
			isa = PBXContainerItemProxy;
			containerPortal = E76D73A81B01E91200DA686A /* Project object */;
			proxyType = 1;
			remoteGlobalIDString = E76D73AF1B01E91200DA686A;
			remoteInfo = ASETimeIntervalButton;
		};
/* End PBXContainerItemProxy section */

/* Begin PBXFileReference section */
		E76D73B01B01E91200DA686A /* ASETimeIntervalButton.app */ = {isa = PBXFileReference; explicitFileType = wrapper.application; includeInIndex = 0; path = ASETimeIntervalButton.app; sourceTree = BUILT_PRODUCTS_DIR; };
		E76D73B41B01E91200DA686A /* Info.plist */ = {isa = PBXFileReference; lastKnownFileType = text.plist.xml; path = Info.plist; sourceTree = "<group>"; };
		E76D73B51B01E91200DA686A /* main.m */ = {isa = PBXFileReference; lastKnownFileType = sourcecode.c.objc; path = main.m; sourceTree = "<group>"; };
		E76D73B71B01E91200DA686A /* AppDelegate.h */ = {isa = PBXFileReference; lastKnownFileType = sourcecode.c.h; path = AppDelegate.h; sourceTree = "<group>"; };
		E76D73B81B01E91200DA686A /* AppDelegate.m */ = {isa = PBXFileReference; lastKnownFileType = sourcecode.c.objc; path = AppDelegate.m; sourceTree = "<group>"; };
		E76D73BA1B01E91200DA686A /* ViewController.h */ = {isa = PBXFileReference; lastKnownFileType = sourcecode.c.h; path = ViewController.h; sourceTree = "<group>"; };
		E76D73BB1B01E91200DA686A /* ViewController.m */ = {isa = PBXFileReference; lastKnownFileType = sourcecode.c.objc; path = ViewController.m; sourceTree = "<group>"; };
		E76D73BE1B01E91200DA686A /* Base */ = {isa = PBXFileReference; lastKnownFileType = file.storyboard; name = Base; path = Base.lproj/Main.storyboard; sourceTree = "<group>"; };
		E76D73C01B01E91200DA686A /* Images.xcassets */ = {isa = PBXFileReference; lastKnownFileType = folder.assetcatalog; path = Images.xcassets; sourceTree = "<group>"; };
		E76D73C31B01E91200DA686A /* Base */ = {isa = PBXFileReference; lastKnownFileType = file.xib; name = Base; path = Base.lproj/LaunchScreen.xib; sourceTree = "<group>"; };
		E76D73C91B01E91200DA686A /* ASETimeIntervalButtonTests.xctest */ = {isa = PBXFileReference; explicitFileType = wrapper.cfbundle; includeInIndex = 0; path = ASETimeIntervalButtonTests.xctest; sourceTree = BUILT_PRODUCTS_DIR; };
		E76D73CE1B01E91200DA686A /* Info.plist */ = {isa = PBXFileReference; lastKnownFileType = text.plist.xml; path = Info.plist; sourceTree = "<group>"; };
		E76D73CF1B01E91200DA686A /* ASETimeIntervalButtonTests.m */ = {isa = PBXFileReference; lastKnownFileType = sourcecode.c.objc; path = ASETimeIntervalButtonTests.m; sourceTree = "<group>"; };
		E76D73DA1B01E95C00DA686A /* ASETimeIntervalButton.h */ = {isa = PBXFileReference; fileEncoding = 4; lastKnownFileType = sourcecode.c.h; path = ASETimeIntervalButton.h; sourceTree = "<group>"; };
		E76D73DB1B01E95C00DA686A /* ASETimeIntervalButton.m */ = {isa = PBXFileReference; fileEncoding = 4; lastKnownFileType = sourcecode.c.objc; path = ASETimeIntervalButton.m; sourceTree = "<group>"; };
/* End PBXFileReference section */

/* Begin PBXFrameworksBuildPhase section */
		E76D73AD1B01E91200DA686A /* Frameworks */ = {
			isa = PBXFrameworksBuildPhase;
			buildActionMask = 2147483647;
			files = (
			);
			runOnlyForDeploymentPostprocessing = 0;
		};
		E76D73C61B01E91200DA686A /* Frameworks */ = {
			isa = PBXFrameworksBuildPhase;
			buildActionMask = 2147483647;
			files = (
			);
			runOnlyForDeploymentPostprocessing = 0;
		};
/* End PBXFrameworksBuildPhase section */

/* Begin PBXGroup section */
		E76D73A71B01E91200DA686A = {
			isa = PBXGroup;
			children = (
				E76D73B21B01E91200DA686A /* ASETimeIntervalButton */,
				E76D73CC1B01E91200DA686A /* ASETimeIntervalButtonTests */,
				E76D73B11B01E91200DA686A /* Products */,
			);
			sourceTree = "<group>";
		};
		E76D73B11B01E91200DA686A /* Products */ = {
			isa = PBXGroup;
			children = (
				E76D73B01B01E91200DA686A /* ASETimeIntervalButton.app */,
				E76D73C91B01E91200DA686A /* ASETimeIntervalButtonTests.xctest */,
			);
			name = Products;
			sourceTree = "<group>";
		};
		E76D73B21B01E91200DA686A /* ASETimeIntervalButton */ = {
			isa = PBXGroup;
			children = (
				E76D73D91B01E93600DA686A /* Button */,
				E76D73B71B01E91200DA686A /* AppDelegate.h */,
				E76D73B81B01E91200DA686A /* AppDelegate.m */,
				E76D73BA1B01E91200DA686A /* ViewController.h */,
				E76D73BB1B01E91200DA686A /* ViewController.m */,
				E76D73BD1B01E91200DA686A /* Main.storyboard */,
				E76D73C01B01E91200DA686A /* Images.xcassets */,
				E76D73C21B01E91200DA686A /* LaunchScreen.xib */,
				E76D73B31B01E91200DA686A /* Supporting Files */,
			);
			path = ASETimeIntervalButton;
			sourceTree = "<group>";
		};
		E76D73B31B01E91200DA686A /* Supporting Files */ = {
			isa = PBXGroup;
			children = (
				E76D73B41B01E91200DA686A /* Info.plist */,
				E76D73B51B01E91200DA686A /* main.m */,
			);
			name = "Supporting Files";
			sourceTree = "<group>";
		};
		E76D73CC1B01E91200DA686A /* ASETimeIntervalButtonTests */ = {
			isa = PBXGroup;
			children = (
				E76D73CF1B01E91200DA686A /* ASETimeIntervalButtonTests.m */,
				E76D73CD1B01E91200DA686A /* Supporting Files */,
			);
			path = ASETimeIntervalButtonTests;
			sourceTree = "<group>";
		};
		E76D73CD1B01E91200DA686A /* Supporting Files */ = {
			isa = PBXGroup;
			children = (
				E76D73CE1B01E91200DA686A /* Info.plist */,
			);
			name = "Supporting Files";
			sourceTree = "<group>";
		};
		E76D73D91B01E93600DA686A /* Button */ = {
			isa = PBXGroup;
			children = (
				E76D73DA1B01E95C00DA686A /* ASETimeIntervalButton.h */,
				E76D73DB1B01E95C00DA686A /* ASETimeIntervalButton.m */,
			);
			name = Button;
			sourceTree = "<group>";
		};
/* End PBXGroup section */

/* Begin PBXNativeTarget section */
		E76D73AF1B01E91200DA686A /* ASETimeIntervalButton */ = {
			isa = PBXNativeTarget;
			buildConfigurationList = E76D73D31B01E91200DA686A /* Build configuration list for PBXNativeTarget "ASETimeIntervalButton" */;
			buildPhases = (
				E76D73AC1B01E91200DA686A /* Sources */,
				E76D73AD1B01E91200DA686A /* Frameworks */,
				E76D73AE1B01E91200DA686A /* Resources */,
			);
			buildRules = (
			);
			dependencies = (
			);
			name = ASETimeIntervalButton;
			productName = ASETimeIntervalButton;
			productReference = E76D73B01B01E91200DA686A /* ASETimeIntervalButton.app */;
			productType = "com.apple.product-type.application";
		};
		E76D73C81B01E91200DA686A /* ASETimeIntervalButtonTests */ = {
			isa = PBXNativeTarget;
			buildConfigurationList = E76D73D61B01E91200DA686A /* Build configuration list for PBXNativeTarget "ASETimeIntervalButtonTests" */;
			buildPhases = (
				E76D73C51B01E91200DA686A /* Sources */,
				E76D73C61B01E91200DA686A /* Frameworks */,
				E76D73C71B01E91200DA686A /* Resources */,
			);
			buildRules = (
			);
			dependencies = (
				E76D73CB1B01E91200DA686A /* PBXTargetDependency */,
			);
			name = ASETimeIntervalButtonTests;
			productName = ASETimeIntervalButtonTests;
			productReference = E76D73C91B01E91200DA686A /* ASETimeIntervalButtonTests.xctest */;
			productType = "com.apple.product-type.bundle.unit-test";
		};
/* End PBXNativeTarget section */

/* Begin PBXProject section */
		E76D73A81B01E91200DA686A /* Project object */ = {
			isa = PBXProject;
			attributes = {
				LastUpgradeCheck = 0630;
				ORGANIZATIONNAME = Arthur;
				TargetAttributes = {
					E76D73AF1B01E91200DA686A = {
						CreatedOnToolsVersion = 6.3;
					};
					E76D73C81B01E91200DA686A = {
						CreatedOnToolsVersion = 6.3;
						TestTargetID = E76D73AF1B01E91200DA686A;
					};
				};
			};
			buildConfigurationList = E76D73AB1B01E91200DA686A /* Build configuration list for PBXProject "ASETimeIntervalButton" */;
			compatibilityVersion = "Xcode 3.2";
			developmentRegion = English;
			hasScannedForEncodings = 0;
			knownRegions = (
				en,
				Base,
			);
			mainGroup = E76D73A71B01E91200DA686A;
			productRefGroup = E76D73B11B01E91200DA686A /* Products */;
			projectDirPath = "";
			projectRoot = "";
			targets = (
				E76D73AF1B01E91200DA686A /* ASETimeIntervalButton */,
				E76D73C81B01E91200DA686A /* ASETimeIntervalButtonTests */,
			);
		};
/* End PBXProject section */

/* Begin PBXResourcesBuildPhase section */
		E76D73AE1B01E91200DA686A /* Resources */ = {
			isa = PBXResourcesBuildPhase;
			buildActionMask = 2147483647;
			files = (
				E76D73BF1B01E91200DA686A /* Main.storyboard in Resources */,
				E76D73C41B01E91200DA686A /* LaunchScreen.xib in Resources */,
				E76D73C11B01E91200DA686A /* Images.xcassets in Resources */,
			);
			runOnlyForDeploymentPostprocessing = 0;
		};
		E76D73C71B01E91200DA686A /* Resources */ = {
			isa = PBXResourcesBuildPhase;
			buildActionMask = 2147483647;
			files = (
			);
			runOnlyForDeploymentPostprocessing = 0;
		};
/* End PBXResourcesBuildPhase section */

/* Begin PBXSourcesBuildPhase section */
		E76D73AC1B01E91200DA686A /* Sources */ = {
			isa = PBXSourcesBuildPhase;
			buildActionMask = 2147483647;
			files = (
				E76D73BC1B01E91200DA686A /* ViewController.m in Sources */,
				E76D73B91B01E91200DA686A /* AppDelegate.m in Sources */,
				E76D73B61B01E91200DA686A /* main.m in Sources */,
				E76D73DC1B01E95C00DA686A /* ASETimeIntervalButton.m in Sources */,
			);
			runOnlyForDeploymentPostprocessing = 0;
		};
		E76D73C51B01E91200DA686A /* Sources */ = {
			isa = PBXSourcesBuildPhase;
			buildActionMask = 2147483647;
			files = (
				E76D73D01B01E91200DA686A /* ASETimeIntervalButtonTests.m in Sources */,
			);
			runOnlyForDeploymentPostprocessing = 0;
		};
/* End PBXSourcesBuildPhase section */

/* Begin PBXTargetDependency section */
		E76D73CB1B01E91200DA686A /* PBXTargetDependency */ = {
			isa = PBXTargetDependency;
			target = E76D73AF1B01E91200DA686A /* ASETimeIntervalButton */;
			targetProxy = E76D73CA1B01E91200DA686A /* PBXContainerItemProxy */;
		};
/* End PBXTargetDependency section */

/* Begin PBXVariantGroup section */
		E76D73BD1B01E91200DA686A /* Main.storyboard */ = {
			isa = PBXVariantGroup;
			children = (
				E76D73BE1B01E91200DA686A /* Base */,
			);
			name = Main.storyboard;
			sourceTree = "<group>";
		};
		E76D73C21B01E91200DA686A /* LaunchScreen.xib */ = {
			isa = PBXVariantGroup;
			children = (
				E76D73C31B01E91200DA686A /* Base */,
			);
			name = LaunchScreen.xib;
			sourceTree = "<group>";
		};
/* End PBXVariantGroup section */

/* Begin XCBuildConfiguration section */
		E76D73D11B01E91200DA686A /* Debug */ = {
			isa = XCBuildConfiguration;
			buildSettings = {
				ALWAYS_SEARCH_USER_PATHS = NO;
				CLANG_CXX_LANGUAGE_STANDARD = "gnu++0x";
				CLANG_CXX_LIBRARY = "libc++";
				CLANG_ENABLE_MODULES = YES;
				CLANG_ENABLE_OBJC_ARC = YES;
				CLANG_WARN_BOOL_CONVERSION = YES;
				CLANG_WARN_CONSTANT_CONVERSION = YES;
				CLANG_WARN_DIRECT_OBJC_ISA_USAGE = YES_ERROR;
				CLANG_WARN_EMPTY_BODY = YES;
				CLANG_WARN_ENUM_CONVERSION = YES;
				CLANG_WARN_INT_CONVERSION = YES;
				CLANG_WARN_OBJC_ROOT_CLASS = YES_ERROR;
				CLANG_WARN_UNREACHABLE_CODE = YES;
				CLANG_WARN__DUPLICATE_METHOD_MATCH = YES;
				"CODE_SIGN_IDENTITY[sdk=iphoneos*]" = "iPhone Developer";
				COPY_PHASE_STRIP = NO;
				DEBUG_INFORMATION_FORMAT = "dwarf-with-dsym";
				ENABLE_STRICT_OBJC_MSGSEND = YES;
				GCC_C_LANGUAGE_STANDARD = gnu99;
				GCC_DYNAMIC_NO_PIC = NO;
				GCC_NO_COMMON_BLOCKS = YES;
				GCC_OPTIMIZATION_LEVEL = 0;
				GCC_PREPROCESSOR_DEFINITIONS = (
					"DEBUG=1",
					"$(inherited)",
				);
				GCC_SYMBOLS_PRIVATE_EXTERN = NO;
				GCC_WARN_64_TO_32_BIT_CONVERSION = YES;
				GCC_WARN_ABOUT_RETURN_TYPE = YES_ERROR;
				GCC_WARN_UNDECLARED_SELECTOR = YES;
				GCC_WARN_UNINITIALIZED_AUTOS = YES_AGGRESSIVE;
				GCC_WARN_UNUSED_FUNCTION = YES;
				GCC_WARN_UNUSED_VARIABLE = YES;
				IPHONEOS_DEPLOYMENT_TARGET = 8.3;
				MTL_ENABLE_DEBUG_INFO = YES;
				ONLY_ACTIVE_ARCH = YES;
				SDKROOT = iphoneos;
			};
			name = Debug;
		};
		E76D73D21B01E91200DA686A /* Release */ = {
			isa = XCBuildConfiguration;
			buildSettings = {
				ALWAYS_SEARCH_USER_PATHS = NO;
				CLANG_CXX_LANGUAGE_STANDARD = "gnu++0x";
				CLANG_CXX_LIBRARY = "libc++";
				CLANG_ENABLE_MODULES = YES;
				CLANG_ENABLE_OBJC_ARC = YES;
				CLANG_WARN_BOOL_CONVERSION = YES;
				CLANG_WARN_CONSTANT_CONVERSION = YES;
				CLANG_WARN_DIRECT_OBJC_ISA_USAGE = YES_ERROR;
				CLANG_WARN_EMPTY_BODY = YES;
				CLANG_WARN_ENUM_CONVERSION = YES;
				CLANG_WARN_INT_CONVERSION = YES;
				CLANG_WARN_OBJC_ROOT_CLASS = YES_ERROR;
				CLANG_WARN_UNREACHABLE_CODE = YES;
				CLANG_WARN__DUPLICATE_METHOD_MATCH = YES;
				"CODE_SIGN_IDENTITY[sdk=iphoneos*]" = "iPhone Developer";
				COPY_PHASE_STRIP = NO;
				DEBUG_INFORMATION_FORMAT = "dwarf-with-dsym";
				ENABLE_NS_ASSERTIONS = NO;
				ENABLE_STRICT_OBJC_MSGSEND = YES;
				GCC_C_LANGUAGE_STANDARD = gnu99;
				GCC_NO_COMMON_BLOCKS = YES;
				GCC_WARN_64_TO_32_BIT_CONVERSION = YES;
				GCC_WARN_ABOUT_RETURN_TYPE = YES_ERROR;
				GCC_WARN_UNDECLARED_SELECTOR = YES;
				GCC_WARN_UNINITIALIZED_AUTOS = YES_AGGRESSIVE;
				GCC_WARN_UNUSED_FUNCTION = YES;
				GCC_WARN_UNUSED_VARIABLE = YES;
				IPHONEOS_DEPLOYMENT_TARGET = 8.3;
				MTL_ENABLE_DEBUG_INFO = NO;
				SDKROOT = iphoneos;
				VALIDATE_PRODUCT = YES;
			};
			name = Release;
		};
		E76D73D41B01E91200DA686A /* Debug */ = {
			isa = XCBuildConfiguration;
			buildSettings = {
				ASSETCATALOG_COMPILER_APPICON_NAME = AppIcon;
				INFOPLIST_FILE = ASETimeIntervalButton/Info.plist;
				IPHONEOS_DEPLOYMENT_TARGET = 6.0;
				LD_RUNPATH_SEARCH_PATHS = "$(inherited) @executable_path/Frameworks";
				PRODUCT_NAME = "$(TARGET_NAME)";
			};
			name = Debug;
		};
		E76D73D51B01E91200DA686A /* Release */ = {
			isa = XCBuildConfiguration;
			buildSettings = {
				ASSETCATALOG_COMPILER_APPICON_NAME = AppIcon;
				INFOPLIST_FILE = ASETimeIntervalButton/Info.plist;
				IPHONEOS_DEPLOYMENT_TARGET = 6.0;
				LD_RUNPATH_SEARCH_PATHS = "$(inherited) @executable_path/Frameworks";
				PRODUCT_NAME = "$(TARGET_NAME)";
			};
			name = Release;
		};
		E76D73D71B01E91200DA686A /* Debug */ = {
			isa = XCBuildConfiguration;
			buildSettings = {
				BUNDLE_LOADER = "$(TEST_HOST)";
				FRAMEWORK_SEARCH_PATHS = (
					"$(SDKROOT)/Developer/Library/Frameworks",
					"$(inherited)",
				);
				GCC_PREPROCESSOR_DEFINITIONS = (
					"DEBUG=1",
					"$(inherited)",
				);
				INFOPLIST_FILE = ASETimeIntervalButtonTests/Info.plist;
				LD_RUNPATH_SEARCH_PATHS = "$(inherited) @executable_path/Frameworks @loader_path/Frameworks";
				PRODUCT_NAME = "$(TARGET_NAME)";
				TEST_HOST = "$(BUILT_PRODUCTS_DIR)/ASETimeIntervalButton.app/ASETimeIntervalButton";
			};
			name = Debug;
		};
		E76D73D81B01E91200DA686A /* Release */ = {
			isa = XCBuildConfiguration;
			buildSettings = {
				BUNDLE_LOADER = "$(TEST_HOST)";
				FRAMEWORK_SEARCH_PATHS = (
					"$(SDKROOT)/Developer/Library/Frameworks",
					"$(inherited)",
				);
				INFOPLIST_FILE = ASETimeIntervalButtonTests/Info.plist;
				LD_RUNPATH_SEARCH_PATHS = "$(inherited) @executable_path/Frameworks @loader_path/Frameworks";
				PRODUCT_NAME = "$(TARGET_NAME)";
				TEST_HOST = "$(BUILT_PRODUCTS_DIR)/ASETimeIntervalButton.app/ASETimeIntervalButton";
			};
			name = Release;
		};
/* End XCBuildConfiguration section */

/* Begin XCConfigurationList section */
		E76D73AB1B01E91200DA686A /* Build configuration list for PBXProject "ASETimeIntervalButton" */ = {
			isa = XCConfigurationList;
			buildConfigurations = (
				E76D73D11B01E91200DA686A /* Debug */,
				E76D73D21B01E91200DA686A /* Release */,
			);
			defaultConfigurationIsVisible = 0;
			defaultConfigurationName = Release;
		};
		E76D73D31B01E91200DA686A /* Build configuration list for PBXNativeTarget "ASETimeIntervalButton" */ = {
			isa = XCConfigurationList;
			buildConfigurations = (
				E76D73D41B01E91200DA686A /* Debug */,
				E76D73D51B01E91200DA686A /* Release */,
			);
			defaultConfigurationIsVisible = 0;
			defaultConfigurationName = Release;
		};
		E76D73D61B01E91200DA686A /* Build configuration list for PBXNativeTarget "ASETimeIntervalButtonTests" */ = {
			isa = XCConfigurationList;
			buildConfigurations = (
				E76D73D71B01E91200DA686A /* Debug */,
				E76D73D81B01E91200DA686A /* Release */,
			);
			defaultConfigurationIsVisible = 0;
			defaultConfigurationName = Release;
		};
/* End XCConfigurationList section */
	};
	rootObject = E76D73A81B01E91200DA686A /* Project object */;
}
