// !$*UTF8*$!
{
	archiveVersion = 1;
	classes = {
	};
	objectVersion = 46;
	objects = {

/* Begin PBXBuildFile section */
		E7E541811A68B9D50034B172 /* main.m in Sources */ = {isa = PBXBuildFile; fileRef = E7E541801A68B9D50034B172 /* main.m */; };
		E7E541841A68B9D50034B172 /* AppDelegate.m in Sources */ = {isa = PBXBuildFile; fileRef = E7E541831A68B9D50034B172 /* AppDelegate.m */; };
		E7E541871A68B9D50034B172 /* ViewController.m in Sources */ = {isa = PBXBuildFile; fileRef = E7E541861A68B9D50034B172 /* ViewController.m */; };
		E7E5418A1A68B9D50034B172 /* Main.storyboard in Resources */ = {isa = PBXBuildFile; fileRef = E7E541881A68B9D50034B172 /* Main.storyboard */; };
		E7E5418C1A68B9D50034B172 /* Images.xcassets in Resources */ = {isa = PBXBuildFile; fileRef = E7E5418B1A68B9D50034B172 /* Images.xcassets */; };
		E7E5418F1A68B9D50034B172 /* LaunchScreen.xib in Resources */ = {isa = PBXBuildFile; fileRef = E7E5418D1A68B9D50034B172 /* LaunchScreen.xib */; };
		E7E5419B1A68B9D50034B172 /* TestBundleTests.m in Sources */ = {isa = PBXBuildFile; fileRef = E7E5419A1A68B9D50034B172 /* TestBundleTests.m */; };
		E7E541A51A68B9EC0034B172 /* mood.bundle in Resources */ = {isa = PBXBuildFile; fileRef = E7E541A41A68B9EC0034B172 /* mood.bundle */; };
/* End PBXBuildFile section */

/* Begin PBXContainerItemProxy section */
		E7E541951A68B9D50034B172 /* PBXContainerItemProxy */ = {
			isa = PBXContainerItemProxy;
			containerPortal = E7E541731A68B9D50034B172 /* Project object */;
			proxyType = 1;
			remoteGlobalIDString = E7E5417A1A68B9D50034B172;
			remoteInfo = TestBundle;
		};
/* End PBXContainerItemProxy section */

/* Begin PBXFileReference section */
		E7E5417B1A68B9D50034B172 /* TestBundle.app */ = {isa = PBXFileReference; explicitFileType = wrapper.application; includeInIndex = 0; path = TestBundle.app; sourceTree = BUILT_PRODUCTS_DIR; };
		E7E5417F1A68B9D50034B172 /* Info.plist */ = {isa = PBXFileReference; lastKnownFileType = text.plist.xml; path = Info.plist; sourceTree = "<group>"; };
		E7E541801A68B9D50034B172 /* main.m */ = {isa = PBXFileReference; lastKnownFileType = sourcecode.c.objc; path = main.m; sourceTree = "<group>"; };
		E7E541821A68B9D50034B172 /* AppDelegate.h */ = {isa = PBXFileReference; lastKnownFileType = sourcecode.c.h; path = AppDelegate.h; sourceTree = "<group>"; };
		E7E541831A68B9D50034B172 /* AppDelegate.m */ = {isa = PBXFileReference; lastKnownFileType = sourcecode.c.objc; path = AppDelegate.m; sourceTree = "<group>"; };
		E7E541851A68B9D50034B172 /* ViewController.h */ = {isa = PBXFileReference; lastKnownFileType = sourcecode.c.h; path = ViewController.h; sourceTree = "<group>"; };
		E7E541861A68B9D50034B172 /* ViewController.m */ = {isa = PBXFileReference; lastKnownFileType = sourcecode.c.objc; path = ViewController.m; sourceTree = "<group>"; };
		E7E541891A68B9D50034B172 /* Base */ = {isa = PBXFileReference; lastKnownFileType = file.storyboard; name = Base; path = Base.lproj/Main.storyboard; sourceTree = "<group>"; };
		E7E5418B1A68B9D50034B172 /* Images.xcassets */ = {isa = PBXFileReference; lastKnownFileType = folder.assetcatalog; path = Images.xcassets; sourceTree = "<group>"; };
		E7E5418E1A68B9D50034B172 /* Base */ = {isa = PBXFileReference; lastKnownFileType = file.xib; name = Base; path = Base.lproj/LaunchScreen.xib; sourceTree = "<group>"; };
		E7E541941A68B9D50034B172 /* TestBundleTests.xctest */ = {isa = PBXFileReference; explicitFileType = wrapper.cfbundle; includeInIndex = 0; path = TestBundleTests.xctest; sourceTree = BUILT_PRODUCTS_DIR; };
		E7E541991A68B9D50034B172 /* Info.plist */ = {isa = PBXFileReference; lastKnownFileType = text.plist.xml; path = Info.plist; sourceTree = "<group>"; };
		E7E5419A1A68B9D50034B172 /* TestBundleTests.m */ = {isa = PBXFileReference; lastKnownFileType = sourcecode.c.objc; path = TestBundleTests.m; sourceTree = "<group>"; };
		E7E541A41A68B9EC0034B172 /* mood.bundle */ = {isa = PBXFileReference; lastKnownFileType = "wrapper.plug-in"; path = mood.bundle; sourceTree = "<group>"; };
/* End PBXFileReference section */

/* Begin PBXFrameworksBuildPhase section */
		E7E541781A68B9D50034B172 /* Frameworks */ = {
			isa = PBXFrameworksBuildPhase;
			buildActionMask = 2147483647;
			files = (
			);
			runOnlyForDeploymentPostprocessing = 0;
		};
		E7E541911A68B9D50034B172 /* Frameworks */ = {
			isa = PBXFrameworksBuildPhase;
			buildActionMask = 2147483647;
			files = (
			);
			runOnlyForDeploymentPostprocessing = 0;
		};
/* End PBXFrameworksBuildPhase section */

/* Begin PBXGroup section */
		E7E541721A68B9D50034B172 = {
			isa = PBXGroup;
			children = (
				E7E541A41A68B9EC0034B172 /* mood.bundle */,
				E7E5417D1A68B9D50034B172 /* TestBundle */,
				E7E541971A68B9D50034B172 /* TestBundleTests */,
				E7E5417C1A68B9D50034B172 /* Products */,
			);
			sourceTree = "<group>";
		};
		E7E5417C1A68B9D50034B172 /* Products */ = {
			isa = PBXGroup;
			children = (
				E7E5417B1A68B9D50034B172 /* TestBundle.app */,
				E7E541941A68B9D50034B172 /* TestBundleTests.xctest */,
			);
			name = Products;
			sourceTree = "<group>";
		};
		E7E5417D1A68B9D50034B172 /* TestBundle */ = {
			isa = PBXGroup;
			children = (
				E7E541821A68B9D50034B172 /* AppDelegate.h */,
				E7E541831A68B9D50034B172 /* AppDelegate.m */,
				E7E541851A68B9D50034B172 /* ViewController.h */,
				E7E541861A68B9D50034B172 /* ViewController.m */,
				E7E541881A68B9D50034B172 /* Main.storyboard */,
				E7E5418B1A68B9D50034B172 /* Images.xcassets */,
				E7E5418D1A68B9D50034B172 /* LaunchScreen.xib */,
				E7E5417E1A68B9D50034B172 /* Supporting Files */,
			);
			path = TestBundle;
			sourceTree = "<group>";
		};
		E7E5417E1A68B9D50034B172 /* Supporting Files */ = {
			isa = PBXGroup;
			children = (
				E7E5417F1A68B9D50034B172 /* Info.plist */,
				E7E541801A68B9D50034B172 /* main.m */,
			);
			name = "Supporting Files";
			sourceTree = "<group>";
		};
		E7E541971A68B9D50034B172 /* TestBundleTests */ = {
			isa = PBXGroup;
			children = (
				E7E5419A1A68B9D50034B172 /* TestBundleTests.m */,
				E7E541981A68B9D50034B172 /* Supporting Files */,
			);
			path = TestBundleTests;
			sourceTree = "<group>";
		};
		E7E541981A68B9D50034B172 /* Supporting Files */ = {
			isa = PBXGroup;
			children = (
				E7E541991A68B9D50034B172 /* Info.plist */,
			);
			name = "Supporting Files";
			sourceTree = "<group>";
		};
/* End PBXGroup section */

/* Begin PBXNativeTarget section */
		E7E5417A1A68B9D50034B172 /* TestBundle */ = {
			isa = PBXNativeTarget;
			buildConfigurationList = E7E5419E1A68B9D50034B172 /* Build configuration list for PBXNativeTarget "TestBundle" */;
			buildPhases = (
				E7E541771A68B9D50034B172 /* Sources */,
				E7E541781A68B9D50034B172 /* Frameworks */,
				E7E541791A68B9D50034B172 /* Resources */,
			);
			buildRules = (
			);
			dependencies = (
			);
			name = TestBundle;
			productName = TestBundle;
			productReference = E7E5417B1A68B9D50034B172 /* TestBundle.app */;
			productType = "com.apple.product-type.application";
		};
		E7E541931A68B9D50034B172 /* TestBundleTests */ = {
			isa = PBXNativeTarget;
			buildConfigurationList = E7E541A11A68B9D50034B172 /* Build configuration list for PBXNativeTarget "TestBundleTests" */;
			buildPhases = (
				E7E541901A68B9D50034B172 /* Sources */,
				E7E541911A68B9D50034B172 /* Frameworks */,
				E7E541921A68B9D50034B172 /* Resources */,
			);
			buildRules = (
			);
			dependencies = (
				E7E541961A68B9D50034B172 /* PBXTargetDependency */,
			);
			name = TestBundleTests;
			productName = TestBundleTests;
			productReference = E7E541941A68B9D50034B172 /* TestBundleTests.xctest */;
			productType = "com.apple.product-type.bundle.unit-test";
		};
/* End PBXNativeTarget section */

/* Begin PBXProject section */
		E7E541731A68B9D50034B172 /* Project object */ = {
			isa = PBXProject;
			attributes = {
				LastUpgradeCheck = 0610;
				ORGANIZATIONNAME = Arthur;
				TargetAttributes = {
					E7E5417A1A68B9D50034B172 = {
						CreatedOnToolsVersion = 6.1;
					};
					E7E541931A68B9D50034B172 = {
						CreatedOnToolsVersion = 6.1;
						TestTargetID = E7E5417A1A68B9D50034B172;
					};
				};
			};
			buildConfigurationList = E7E541761A68B9D50034B172 /* Build configuration list for PBXProject "TestBundle" */;
			compatibilityVersion = "Xcode 3.2";
			developmentRegion = English;
			hasScannedForEncodings = 0;
			knownRegions = (
				en,
				Base,
			);
			mainGroup = E7E541721A68B9D50034B172;
			productRefGroup = E7E5417C1A68B9D50034B172 /* Products */;
			projectDirPath = "";
			projectRoot = "";
			targets = (
				E7E5417A1A68B9D50034B172 /* TestBundle */,
				E7E541931A68B9D50034B172 /* TestBundleTests */,
			);
		};
/* End PBXProject section */

/* Begin PBXResourcesBuildPhase section */
		E7E541791A68B9D50034B172 /* Resources */ = {
			isa = PBXResourcesBuildPhase;
			buildActionMask = 2147483647;
			files = (
				E7E5418A1A68B9D50034B172 /* Main.storyboard in Resources */,
				E7E5418F1A68B9D50034B172 /* LaunchScreen.xib in Resources */,
				E7E541A51A68B9EC0034B172 /* mood.bundle in Resources */,
				E7E5418C1A68B9D50034B172 /* Images.xcassets in Resources */,
			);
			runOnlyForDeploymentPostprocessing = 0;
		};
		E7E541921A68B9D50034B172 /* Resources */ = {
			isa = PBXResourcesBuildPhase;
			buildActionMask = 2147483647;
			files = (
			);
			runOnlyForDeploymentPostprocessing = 0;
		};
/* End PBXResourcesBuildPhase section */

/* Begin PBXSourcesBuildPhase section */
		E7E541771A68B9D50034B172 /* Sources */ = {
			isa = PBXSourcesBuildPhase;
			buildActionMask = 2147483647;
			files = (
				E7E541871A68B9D50034B172 /* ViewController.m in Sources */,
				E7E541841A68B9D50034B172 /* AppDelegate.m in Sources */,
				E7E541811A68B9D50034B172 /* main.m in Sources */,
			);
			runOnlyForDeploymentPostprocessing = 0;
		};
		E7E541901A68B9D50034B172 /* Sources */ = {
			isa = PBXSourcesBuildPhase;
			buildActionMask = 2147483647;
			files = (
				E7E5419B1A68B9D50034B172 /* TestBundleTests.m in Sources */,
			);
			runOnlyForDeploymentPostprocessing = 0;
		};
/* End PBXSourcesBuildPhase section */

/* Begin PBXTargetDependency section */
		E7E541961A68B9D50034B172 /* PBXTargetDependency */ = {
			isa = PBXTargetDependency;
			target = E7E5417A1A68B9D50034B172 /* TestBundle */;
			targetProxy = E7E541951A68B9D50034B172 /* PBXContainerItemProxy */;
		};
/* End PBXTargetDependency section */

/* Begin PBXVariantGroup section */
		E7E541881A68B9D50034B172 /* Main.storyboard */ = {
			isa = PBXVariantGroup;
			children = (
				E7E541891A68B9D50034B172 /* Base */,
			);
			name = Main.storyboard;
			sourceTree = "<group>";
		};
		E7E5418D1A68B9D50034B172 /* LaunchScreen.xib */ = {
			isa = PBXVariantGroup;
			children = (
				E7E5418E1A68B9D50034B172 /* Base */,
			);
			name = LaunchScreen.xib;
			sourceTree = "<group>";
		};
/* End PBXVariantGroup section */

/* Begin XCBuildConfiguration section */
		E7E5419C1A68B9D50034B172 /* Debug */ = {
			isa = XCBuildConfiguration;
			buildSettings = {
				ALWAYS_SEARCH_USER_PATHS = NO;
				CLANG_CXX_LANGUAGE_STANDARD = "gnu++0x";
				CLANG_CXX_LIBRARY = "libc++";
				CLANG_ENABLE_MODULES = YES;
				CLANG_ENABLE_OBJC_ARC = YES;
				CLANG_WARN_BOOL_CONVERSION = YES;
				CLANG_WARN_CONSTANT_CONVERSION = YES;
				CLANG_WARN_DIRECT_OBJC_ISA_USAGE = YES_ERROR;
				CLANG_WARN_EMPTY_BODY = YES;
				CLANG_WARN_ENUM_CONVERSION = YES;
				CLANG_WARN_INT_CONVERSION = YES;
				CLANG_WARN_OBJC_ROOT_CLASS = YES_ERROR;
				CLANG_WARN_UNREACHABLE_CODE = YES;
				CLANG_WARN__DUPLICATE_METHOD_MATCH = YES;
				"CODE_SIGN_IDENTITY[sdk=iphoneos*]" = "iPhone Developer";
				COPY_PHASE_STRIP = NO;
				ENABLE_STRICT_OBJC_MSGSEND = YES;
				GCC_C_LANGUAGE_STANDARD = gnu99;
				GCC_DYNAMIC_NO_PIC = NO;
				GCC_OPTIMIZATION_LEVEL = 0;
				GCC_PREPROCESSOR_DEFINITIONS = (
					"DEBUG=1",
					"$(inherited)",
				);
				GCC_SYMBOLS_PRIVATE_EXTERN = NO;
				GCC_WARN_64_TO_32_BIT_CONVERSION = YES;
				GCC_WARN_ABOUT_RETURN_TYPE = YES_ERROR;
				GCC_WARN_UNDECLARED_SELECTOR = YES;
				GCC_WARN_UNINITIALIZED_AUTOS = YES_AGGRESSIVE;
				GCC_WARN_UNUSED_FUNCTION = YES;
				GCC_WARN_UNUSED_VARIABLE = YES;
				IPHONEOS_DEPLOYMENT_TARGET = 8.1;
				MTL_ENABLE_DEBUG_INFO = YES;
				ONLY_ACTIVE_ARCH = YES;
				SDKROOT = iphoneos;
			};
			name = Debug;
		};
		E7E5419D1A68B9D50034B172 /* Release */ = {
			isa = XCBuildConfiguration;
			buildSettings = {
				ALWAYS_SEARCH_USER_PATHS = NO;
				CLANG_CXX_LANGUAGE_STANDARD = "gnu++0x";
				CLANG_CXX_LIBRARY = "libc++";
				CLANG_ENABLE_MODULES = YES;
				CLANG_ENABLE_OBJC_ARC = YES;
				CLANG_WARN_BOOL_CONVERSION = YES;
				CLANG_WARN_CONSTANT_CONVERSION = YES;
				CLANG_WARN_DIRECT_OBJC_ISA_USAGE = YES_ERROR;
				CLANG_WARN_EMPTY_BODY = YES;
				CLANG_WARN_ENUM_CONVERSION = YES;
				CLANG_WARN_INT_CONVERSION = YES;
				CLANG_WARN_OBJC_ROOT_CLASS = YES_ERROR;
				CLANG_WARN_UNREACHABLE_CODE = YES;
				CLANG_WARN__DUPLICATE_METHOD_MATCH = YES;
				"CODE_SIGN_IDENTITY[sdk=iphoneos*]" = "iPhone Developer";
				COPY_PHASE_STRIP = YES;
				ENABLE_NS_ASSERTIONS = NO;
				ENABLE_STRICT_OBJC_MSGSEND = YES;
				GCC_C_LANGUAGE_STANDARD = gnu99;
				GCC_WARN_64_TO_32_BIT_CONVERSION = YES;
				GCC_WARN_ABOUT_RETURN_TYPE = YES_ERROR;
				GCC_WARN_UNDECLARED_SELECTOR = YES;
				GCC_WARN_UNINITIALIZED_AUTOS = YES_AGGRESSIVE;
				GCC_WARN_UNUSED_FUNCTION = YES;
				GCC_WARN_UNUSED_VARIABLE = YES;
				IPHONEOS_DEPLOYMENT_TARGET = 8.1;
				MTL_ENABLE_DEBUG_INFO = NO;
				SDKROOT = iphoneos;
				VALIDATE_PRODUCT = YES;
			};
			name = Release;
		};
		E7E5419F1A68B9D50034B172 /* Debug */ = {
			isa = XCBuildConfiguration;
			buildSettings = {
				ASSETCATALOG_COMPILER_APPICON_NAME = AppIcon;
				INFOPLIST_FILE = TestBundle/Info.plist;
				LD_RUNPATH_SEARCH_PATHS = "$(inherited) @executable_path/Frameworks";
				PRODUCT_NAME = "$(TARGET_NAME)";
			};
			name = Debug;
		};
		E7E541A01A68B9D50034B172 /* Release */ = {
			isa = XCBuildConfiguration;
			buildSettings = {
				ASSETCATALOG_COMPILER_APPICON_NAME = AppIcon;
				INFOPLIST_FILE = TestBundle/Info.plist;
				LD_RUNPATH_SEARCH_PATHS = "$(inherited) @executable_path/Frameworks";
				PRODUCT_NAME = "$(TARGET_NAME)";
			};
			name = Release;
		};
		E7E541A21A68B9D50034B172 /* Debug */ = {
			isa = XCBuildConfiguration;
			buildSettings = {
				BUNDLE_LOADER = "$(TEST_HOST)";
				FRAMEWORK_SEARCH_PATHS = (
					"$(SDKROOT)/Developer/Library/Frameworks",
					"$(inherited)",
				);
				GCC_PREPROCESSOR_DEFINITIONS = (
					"DEBUG=1",
					"$(inherited)",
				);
				INFOPLIST_FILE = TestBundleTests/Info.plist;
				LD_RUNPATH_SEARCH_PATHS = "$(inherited) @executable_path/Frameworks @loader_path/Frameworks";
				PRODUCT_NAME = "$(TARGET_NAME)";
				TEST_HOST = "$(BUILT_PRODUCTS_DIR)/TestBundle.app/TestBundle";
			};
			name = Debug;
		};
		E7E541A31A68B9D50034B172 /* Release */ = {
			isa = XCBuildConfiguration;
			buildSettings = {
				BUNDLE_LOADER = "$(TEST_HOST)";
				FRAMEWORK_SEARCH_PATHS = (
					"$(SDKROOT)/Developer/Library/Frameworks",
					"$(inherited)",
				);
				INFOPLIST_FILE = TestBundleTests/Info.plist;
				LD_RUNPATH_SEARCH_PATHS = "$(inherited) @executable_path/Frameworks @loader_path/Frameworks";
				PRODUCT_NAME = "$(TARGET_NAME)";
				TEST_HOST = "$(BUILT_PRODUCTS_DIR)/TestBundle.app/TestBundle";
			};
			name = Release;
		};
/* End XCBuildConfiguration section */

/* Begin XCConfigurationList section */
		E7E541761A68B9D50034B172 /* Build configuration list for PBXProject "TestBundle" */ = {
			isa = XCConfigurationList;
			buildConfigurations = (
				E7E5419C1A68B9D50034B172 /* Debug */,
				E7E5419D1A68B9D50034B172 /* Release */,
			);
			defaultConfigurationIsVisible = 0;
			defaultConfigurationName = Release;
		};
		E7E5419E1A68B9D50034B172 /* Build configuration list for PBXNativeTarget "TestBundle" */ = {
			isa = XCConfigurationList;
			buildConfigurations = (
				E7E5419F1A68B9D50034B172 /* Debug */,
				E7E541A01A68B9D50034B172 /* Release */,
			);
			defaultConfigurationIsVisible = 0;
		};
		E7E541A11A68B9D50034B172 /* Build configuration list for PBXNativeTarget "TestBundleTests" */ = {
			isa = XCConfigurationList;
			buildConfigurations = (
				E7E541A21A68B9D50034B172 /* Debug */,
				E7E541A31A68B9D50034B172 /* Release */,
			);
			defaultConfigurationIsVisible = 0;
		};
/* End XCConfigurationList section */
	};
	rootObject = E7E541731A68B9D50034B172 /* Project object */;
}
