// !$*UTF8*$!
{
	archiveVersion = 1;
	classes = {
	};
	objectVersion = 46;
	objects = {

/* Begin PBXBuildFile section */
		E790197819FA2269003958A2 /* main.m in Sources */ = {isa = PBXBuildFile; fileRef = E790197719FA2269003958A2 /* main.m */; };
		E790197B19FA2269003958A2 /* AppDelegate.m in Sources */ = {isa = PBXBuildFile; fileRef = E790197A19FA2269003958A2 /* AppDelegate.m */; };
		E790197E19FA226A003958A2 /* ViewController.m in Sources */ = {isa = PBXBuildFile; fileRef = E790197D19FA226A003958A2 /* ViewController.m */; };
		E790198119FA226A003958A2 /* Main.storyboard in Resources */ = {isa = PBXBuildFile; fileRef = E790197F19FA226A003958A2 /* Main.storyboard */; };
		E790198319FA226A003958A2 /* Images.xcassets in Resources */ = {isa = PBXBuildFile; fileRef = E790198219FA226A003958A2 /* Images.xcassets */; };
		E790198619FA226A003958A2 /* LaunchScreen.xib in Resources */ = {isa = PBXBuildFile; fileRef = E790198419FA226A003958A2 /* LaunchScreen.xib */; };
		E790199219FA226A003958A2 /* GetterAndSetterTests.m in Sources */ = {isa = PBXBuildFile; fileRef = E790199119FA226A003958A2 /* GetterAndSetterTests.m */; };
/* End PBXBuildFile section */

/* Begin PBXContainerItemProxy section */
		E790198C19FA226A003958A2 /* PBXContainerItemProxy */ = {
			isa = PBXContainerItemProxy;
			containerPortal = E790196A19FA2269003958A2 /* Project object */;
			proxyType = 1;
			remoteGlobalIDString = E790197119FA2269003958A2;
			remoteInfo = GetterAndSetter;
		};
/* End PBXContainerItemProxy section */

/* Begin PBXFileReference section */
		E790197219FA2269003958A2 /* GetterAndSetter.app */ = {isa = PBXFileReference; explicitFileType = wrapper.application; includeInIndex = 0; path = GetterAndSetter.app; sourceTree = BUILT_PRODUCTS_DIR; };
		E790197619FA2269003958A2 /* Info.plist */ = {isa = PBXFileReference; lastKnownFileType = text.plist.xml; path = Info.plist; sourceTree = "<group>"; };
		E790197719FA2269003958A2 /* main.m */ = {isa = PBXFileReference; lastKnownFileType = sourcecode.c.objc; path = main.m; sourceTree = "<group>"; };
		E790197919FA2269003958A2 /* AppDelegate.h */ = {isa = PBXFileReference; lastKnownFileType = sourcecode.c.h; path = AppDelegate.h; sourceTree = "<group>"; };
		E790197A19FA2269003958A2 /* AppDelegate.m */ = {isa = PBXFileReference; lastKnownFileType = sourcecode.c.objc; path = AppDelegate.m; sourceTree = "<group>"; };
		E790197C19FA2269003958A2 /* ViewController.h */ = {isa = PBXFileReference; lastKnownFileType = sourcecode.c.h; path = ViewController.h; sourceTree = "<group>"; };
		E790197D19FA226A003958A2 /* ViewController.m */ = {isa = PBXFileReference; lastKnownFileType = sourcecode.c.objc; path = ViewController.m; sourceTree = "<group>"; };
		E790198019FA226A003958A2 /* Base */ = {isa = PBXFileReference; lastKnownFileType = file.storyboard; name = Base; path = Base.lproj/Main.storyboard; sourceTree = "<group>"; };
		E790198219FA226A003958A2 /* Images.xcassets */ = {isa = PBXFileReference; lastKnownFileType = folder.assetcatalog; path = Images.xcassets; sourceTree = "<group>"; };
		E790198519FA226A003958A2 /* Base */ = {isa = PBXFileReference; lastKnownFileType = file.xib; name = Base; path = Base.lproj/LaunchScreen.xib; sourceTree = "<group>"; };
		E790198B19FA226A003958A2 /* GetterAndSetterTests.xctest */ = {isa = PBXFileReference; explicitFileType = wrapper.cfbundle; includeInIndex = 0; path = GetterAndSetterTests.xctest; sourceTree = BUILT_PRODUCTS_DIR; };
		E790199019FA226A003958A2 /* Info.plist */ = {isa = PBXFileReference; lastKnownFileType = text.plist.xml; path = Info.plist; sourceTree = "<group>"; };
		E790199119FA226A003958A2 /* GetterAndSetterTests.m */ = {isa = PBXFileReference; lastKnownFileType = sourcecode.c.objc; path = GetterAndSetterTests.m; sourceTree = "<group>"; };
/* End PBXFileReference section */

/* Begin PBXFrameworksBuildPhase section */
		E790196F19FA2269003958A2 /* Frameworks */ = {
			isa = PBXFrameworksBuildPhase;
			buildActionMask = 2147483647;
			files = (
			);
			runOnlyForDeploymentPostprocessing = 0;
		};
		E790198819FA226A003958A2 /* Frameworks */ = {
			isa = PBXFrameworksBuildPhase;
			buildActionMask = 2147483647;
			files = (
			);
			runOnlyForDeploymentPostprocessing = 0;
		};
/* End PBXFrameworksBuildPhase section */

/* Begin PBXGroup section */
		E790196919FA2269003958A2 = {
			isa = PBXGroup;
			children = (
				E790197419FA2269003958A2 /* GetterAndSetter */,
				E790198E19FA226A003958A2 /* GetterAndSetterTests */,
				E790197319FA2269003958A2 /* Products */,
			);
			sourceTree = "<group>";
		};
		E790197319FA2269003958A2 /* Products */ = {
			isa = PBXGroup;
			children = (
				E790197219FA2269003958A2 /* GetterAndSetter.app */,
				E790198B19FA226A003958A2 /* GetterAndSetterTests.xctest */,
			);
			name = Products;
			sourceTree = "<group>";
		};
		E790197419FA2269003958A2 /* GetterAndSetter */ = {
			isa = PBXGroup;
			children = (
				E790197919FA2269003958A2 /* AppDelegate.h */,
				E790197A19FA2269003958A2 /* AppDelegate.m */,
				E790197C19FA2269003958A2 /* ViewController.h */,
				E790197D19FA226A003958A2 /* ViewController.m */,
				E790197F19FA226A003958A2 /* Main.storyboard */,
				E790198219FA226A003958A2 /* Images.xcassets */,
				E790198419FA226A003958A2 /* LaunchScreen.xib */,
				E790197519FA2269003958A2 /* Supporting Files */,
			);
			path = GetterAndSetter;
			sourceTree = "<group>";
		};
		E790197519FA2269003958A2 /* Supporting Files */ = {
			isa = PBXGroup;
			children = (
				E790197619FA2269003958A2 /* Info.plist */,
				E790197719FA2269003958A2 /* main.m */,
			);
			name = "Supporting Files";
			sourceTree = "<group>";
		};
		E790198E19FA226A003958A2 /* GetterAndSetterTests */ = {
			isa = PBXGroup;
			children = (
				E790199119FA226A003958A2 /* GetterAndSetterTests.m */,
				E790198F19FA226A003958A2 /* Supporting Files */,
			);
			path = GetterAndSetterTests;
			sourceTree = "<group>";
		};
		E790198F19FA226A003958A2 /* Supporting Files */ = {
			isa = PBXGroup;
			children = (
				E790199019FA226A003958A2 /* Info.plist */,
			);
			name = "Supporting Files";
			sourceTree = "<group>";
		};
/* End PBXGroup section */

/* Begin PBXNativeTarget section */
		E790197119FA2269003958A2 /* GetterAndSetter */ = {
			isa = PBXNativeTarget;
			buildConfigurationList = E790199519FA226A003958A2 /* Build configuration list for PBXNativeTarget "GetterAndSetter" */;
			buildPhases = (
				E790196E19FA2269003958A2 /* Sources */,
				E790196F19FA2269003958A2 /* Frameworks */,
				E790197019FA2269003958A2 /* Resources */,
			);
			buildRules = (
			);
			dependencies = (
			);
			name = GetterAndSetter;
			productName = GetterAndSetter;
			productReference = E790197219FA2269003958A2 /* GetterAndSetter.app */;
			productType = "com.apple.product-type.application";
		};
		E790198A19FA226A003958A2 /* GetterAndSetterTests */ = {
			isa = PBXNativeTarget;
			buildConfigurationList = E790199819FA226A003958A2 /* Build configuration list for PBXNativeTarget "GetterAndSetterTests" */;
			buildPhases = (
				E790198719FA226A003958A2 /* Sources */,
				E790198819FA226A003958A2 /* Frameworks */,
				E790198919FA226A003958A2 /* Resources */,
			);
			buildRules = (
			);
			dependencies = (
				E790198D19FA226A003958A2 /* PBXTargetDependency */,
			);
			name = GetterAndSetterTests;
			productName = GetterAndSetterTests;
			productReference = E790198B19FA226A003958A2 /* GetterAndSetterTests.xctest */;
			productType = "com.apple.product-type.bundle.unit-test";
		};
/* End PBXNativeTarget section */

/* Begin PBXProject section */
		E790196A19FA2269003958A2 /* Project object */ = {
			isa = PBXProject;
			attributes = {
				LastUpgradeCheck = 0610;
				ORGANIZATIONNAME = "王钱钧";
				TargetAttributes = {
					E790197119FA2269003958A2 = {
						CreatedOnToolsVersion = 6.1;
					};
					E790198A19FA226A003958A2 = {
						CreatedOnToolsVersion = 6.1;
						TestTargetID = E790197119FA2269003958A2;
					};
				};
			};
			buildConfigurationList = E790196D19FA2269003958A2 /* Build configuration list for PBXProject "GetterAndSetter" */;
			compatibilityVersion = "Xcode 3.2";
			developmentRegion = English;
			hasScannedForEncodings = 0;
			knownRegions = (
				en,
				Base,
			);
			mainGroup = E790196919FA2269003958A2;
			productRefGroup = E790197319FA2269003958A2 /* Products */;
			projectDirPath = "";
			projectRoot = "";
			targets = (
				E790197119FA2269003958A2 /* GetterAndSetter */,
				E790198A19FA226A003958A2 /* GetterAndSetterTests */,
			);
		};
/* End PBXProject section */

/* Begin PBXResourcesBuildPhase section */
		E790197019FA2269003958A2 /* Resources */ = {
			isa = PBXResourcesBuildPhase;
			buildActionMask = 2147483647;
			files = (
				E790198119FA226A003958A2 /* Main.storyboard in Resources */,
				E790198619FA226A003958A2 /* LaunchScreen.xib in Resources */,
				E790198319FA226A003958A2 /* Images.xcassets in Resources */,
			);
			runOnlyForDeploymentPostprocessing = 0;
		};
		E790198919FA226A003958A2 /* Resources */ = {
			isa = PBXResourcesBuildPhase;
			buildActionMask = 2147483647;
			files = (
			);
			runOnlyForDeploymentPostprocessing = 0;
		};
/* End PBXResourcesBuildPhase section */

/* Begin PBXSourcesBuildPhase section */
		E790196E19FA2269003958A2 /* Sources */ = {
			isa = PBXSourcesBuildPhase;
			buildActionMask = 2147483647;
			files = (
				E790197E19FA226A003958A2 /* ViewController.m in Sources */,
				E790197B19FA2269003958A2 /* AppDelegate.m in Sources */,
				E790197819FA2269003958A2 /* main.m in Sources */,
			);
			runOnlyForDeploymentPostprocessing = 0;
		};
		E790198719FA226A003958A2 /* Sources */ = {
			isa = PBXSourcesBuildPhase;
			buildActionMask = 2147483647;
			files = (
				E790199219FA226A003958A2 /* GetterAndSetterTests.m in Sources */,
			);
			runOnlyForDeploymentPostprocessing = 0;
		};
/* End PBXSourcesBuildPhase section */

/* Begin PBXTargetDependency section */
		E790198D19FA226A003958A2 /* PBXTargetDependency */ = {
			isa = PBXTargetDependency;
			target = E790197119FA2269003958A2 /* GetterAndSetter */;
			targetProxy = E790198C19FA226A003958A2 /* PBXContainerItemProxy */;
		};
/* End PBXTargetDependency section */

/* Begin PBXVariantGroup section */
		E790197F19FA226A003958A2 /* Main.storyboard */ = {
			isa = PBXVariantGroup;
			children = (
				E790198019FA226A003958A2 /* Base */,
			);
			name = Main.storyboard;
			sourceTree = "<group>";
		};
		E790198419FA226A003958A2 /* LaunchScreen.xib */ = {
			isa = PBXVariantGroup;
			children = (
				E790198519FA226A003958A2 /* Base */,
			);
			name = LaunchScreen.xib;
			sourceTree = "<group>";
		};
/* End PBXVariantGroup section */

/* Begin XCBuildConfiguration section */
		E790199319FA226A003958A2 /* Debug */ = {
			isa = XCBuildConfiguration;
			buildSettings = {
				ALWAYS_SEARCH_USER_PATHS = NO;
				CLANG_CXX_LANGUAGE_STANDARD = "gnu++0x";
				CLANG_CXX_LIBRARY = "libc++";
				CLANG_ENABLE_MODULES = YES;
				CLANG_ENABLE_OBJC_ARC = YES;
				CLANG_WARN_BOOL_CONVERSION = YES;
				CLANG_WARN_CONSTANT_CONVERSION = YES;
				CLANG_WARN_DIRECT_OBJC_ISA_USAGE = YES_ERROR;
				CLANG_WARN_EMPTY_BODY = YES;
				CLANG_WARN_ENUM_CONVERSION = YES;
				CLANG_WARN_INT_CONVERSION = YES;
				CLANG_WARN_OBJC_ROOT_CLASS = YES_ERROR;
				CLANG_WARN_UNREACHABLE_CODE = YES;
				CLANG_WARN__DUPLICATE_METHOD_MATCH = YES;
				"CODE_SIGN_IDENTITY[sdk=iphoneos*]" = "iPhone Developer";
				COPY_PHASE_STRIP = NO;
				ENABLE_STRICT_OBJC_MSGSEND = YES;
				GCC_C_LANGUAGE_STANDARD = gnu99;
				GCC_DYNAMIC_NO_PIC = NO;
				GCC_OPTIMIZATION_LEVEL = 0;
				GCC_PREPROCESSOR_DEFINITIONS = (
					"DEBUG=1",
					"$(inherited)",
				);
				GCC_SYMBOLS_PRIVATE_EXTERN = NO;
				GCC_WARN_64_TO_32_BIT_CONVERSION = YES;
				GCC_WARN_ABOUT_RETURN_TYPE = YES_ERROR;
				GCC_WARN_UNDECLARED_SELECTOR = YES;
				GCC_WARN_UNINITIALIZED_AUTOS = YES_AGGRESSIVE;
				GCC_WARN_UNUSED_FUNCTION = YES;
				GCC_WARN_UNUSED_VARIABLE = YES;
				IPHONEOS_DEPLOYMENT_TARGET = 8.1;
				MTL_ENABLE_DEBUG_INFO = YES;
				ONLY_ACTIVE_ARCH = YES;
				SDKROOT = iphoneos;
			};
			name = Debug;
		};
		E790199419FA226A003958A2 /* Release */ = {
			isa = XCBuildConfiguration;
			buildSettings = {
				ALWAYS_SEARCH_USER_PATHS = NO;
				CLANG_CXX_LANGUAGE_STANDARD = "gnu++0x";
				CLANG_CXX_LIBRARY = "libc++";
				CLANG_ENABLE_MODULES = YES;
				CLANG_ENABLE_OBJC_ARC = YES;
				CLANG_WARN_BOOL_CONVERSION = YES;
				CLANG_WARN_CONSTANT_CONVERSION = YES;
				CLANG_WARN_DIRECT_OBJC_ISA_USAGE = YES_ERROR;
				CLANG_WARN_EMPTY_BODY = YES;
				CLANG_WARN_ENUM_CONVERSION = YES;
				CLANG_WARN_INT_CONVERSION = YES;
				CLANG_WARN_OBJC_ROOT_CLASS = YES_ERROR;
				CLANG_WARN_UNREACHABLE_CODE = YES;
				CLANG_WARN__DUPLICATE_METHOD_MATCH = YES;
				"CODE_SIGN_IDENTITY[sdk=iphoneos*]" = "iPhone Developer";
				COPY_PHASE_STRIP = YES;
				ENABLE_NS_ASSERTIONS = NO;
				ENABLE_STRICT_OBJC_MSGSEND = YES;
				GCC_C_LANGUAGE_STANDARD = gnu99;
				GCC_WARN_64_TO_32_BIT_CONVERSION = YES;
				GCC_WARN_ABOUT_RETURN_TYPE = YES_ERROR;
				GCC_WARN_UNDECLARED_SELECTOR = YES;
				GCC_WARN_UNINITIALIZED_AUTOS = YES_AGGRESSIVE;
				GCC_WARN_UNUSED_FUNCTION = YES;
				GCC_WARN_UNUSED_VARIABLE = YES;
				IPHONEOS_DEPLOYMENT_TARGET = 8.1;
				MTL_ENABLE_DEBUG_INFO = NO;
				SDKROOT = iphoneos;
				VALIDATE_PRODUCT = YES;
			};
			name = Release;
		};
		E790199619FA226A003958A2 /* Debug */ = {
			isa = XCBuildConfiguration;
			buildSettings = {
				ASSETCATALOG_COMPILER_APPICON_NAME = AppIcon;
				INFOPLIST_FILE = GetterAndSetter/Info.plist;
				LD_RUNPATH_SEARCH_PATHS = "$(inherited) @executable_path/Frameworks";
				PRODUCT_NAME = "$(TARGET_NAME)";
			};
			name = Debug;
		};
		E790199719FA226A003958A2 /* Release */ = {
			isa = XCBuildConfiguration;
			buildSettings = {
				ASSETCATALOG_COMPILER_APPICON_NAME = AppIcon;
				INFOPLIST_FILE = GetterAndSetter/Info.plist;
				LD_RUNPATH_SEARCH_PATHS = "$(inherited) @executable_path/Frameworks";
				PRODUCT_NAME = "$(TARGET_NAME)";
			};
			name = Release;
		};
		E790199919FA226A003958A2 /* Debug */ = {
			isa = XCBuildConfiguration;
			buildSettings = {
				BUNDLE_LOADER = "$(TEST_HOST)";
				FRAMEWORK_SEARCH_PATHS = (
					"$(SDKROOT)/Developer/Library/Frameworks",
					"$(inherited)",
				);
				GCC_PREPROCESSOR_DEFINITIONS = (
					"DEBUG=1",
					"$(inherited)",
				);
				INFOPLIST_FILE = GetterAndSetterTests/Info.plist;
				LD_RUNPATH_SEARCH_PATHS = "$(inherited) @executable_path/Frameworks @loader_path/Frameworks";
				PRODUCT_NAME = "$(TARGET_NAME)";
				TEST_HOST = "$(BUILT_PRODUCTS_DIR)/GetterAndSetter.app/GetterAndSetter";
			};
			name = Debug;
		};
		E790199A19FA226A003958A2 /* Release */ = {
			isa = XCBuildConfiguration;
			buildSettings = {
				BUNDLE_LOADER = "$(TEST_HOST)";
				FRAMEWORK_SEARCH_PATHS = (
					"$(SDKROOT)/Developer/Library/Frameworks",
					"$(inherited)",
				);
				INFOPLIST_FILE = GetterAndSetterTests/Info.plist;
				LD_RUNPATH_SEARCH_PATHS = "$(inherited) @executable_path/Frameworks @loader_path/Frameworks";
				PRODUCT_NAME = "$(TARGET_NAME)";
				TEST_HOST = "$(BUILT_PRODUCTS_DIR)/GetterAndSetter.app/GetterAndSetter";
			};
			name = Release;
		};
/* End XCBuildConfiguration section */

/* Begin XCConfigurationList section */
		E790196D19FA2269003958A2 /* Build configuration list for PBXProject "GetterAndSetter" */ = {
			isa = XCConfigurationList;
			buildConfigurations = (
				E790199319FA226A003958A2 /* Debug */,
				E790199419FA226A003958A2 /* Release */,
			);
			defaultConfigurationIsVisible = 0;
			defaultConfigurationName = Release;
		};
		E790199519FA226A003958A2 /* Build configuration list for PBXNativeTarget "GetterAndSetter" */ = {
			isa = XCConfigurationList;
			buildConfigurations = (
				E790199619FA226A003958A2 /* Debug */,
				E790199719FA226A003958A2 /* Release */,
			);
			defaultConfigurationIsVisible = 0;
		};
		E790199819FA226A003958A2 /* Build configuration list for PBXNativeTarget "GetterAndSetterTests" */ = {
			isa = XCConfigurationList;
			buildConfigurations = (
				E790199919FA226A003958A2 /* Debug */,
				E790199A19FA226A003958A2 /* Release */,
			);
			defaultConfigurationIsVisible = 0;
		};
/* End XCConfigurationList section */
	};
	rootObject = E790196A19FA2269003958A2 /* Project object */;
}
