// !$*UTF8*$!
{
	archiveVersion = 1;
	classes = {
	};
	objectVersion = 46;
	objects = {

/* Begin PBXBuildFile section */
		E78CE1A91BEAEEF200B3CC90 /* main.m in Sources */ = {isa = PBXBuildFile; fileRef = E78CE1A81BEAEEF200B3CC90 /* main.m */; };
		E78CE1AC1BEAEEF200B3CC90 /* AppDelegate.m in Sources */ = {isa = PBXBuildFile; fileRef = E78CE1AB1BEAEEF200B3CC90 /* AppDelegate.m */; };
		E78CE1AF1BEAEEF200B3CC90 /* ViewController.m in Sources */ = {isa = PBXBuildFile; fileRef = E78CE1AE1BEAEEF200B3CC90 /* ViewController.m */; settings = {COMPILER_FLAGS = "-fno-objc-arc"; }; };
		E78CE1B21BEAEEF200B3CC90 /* Main.storyboard in Resources */ = {isa = PBXBuildFile; fileRef = E78CE1B01BEAEEF200B3CC90 /* Main.storyboard */; };
		E78CE1B41BEAEEF200B3CC90 /* Assets.xcassets in Resources */ = {isa = PBXBuildFile; fileRef = E78CE1B31BEAEEF200B3CC90 /* Assets.xcassets */; };
		E78CE1B71BEAEEF200B3CC90 /* LaunchScreen.storyboard in Resources */ = {isa = PBXBuildFile; fileRef = E78CE1B51BEAEEF200B3CC90 /* LaunchScreen.storyboard */; };
		E78CE1C21BEAEEF200B3CC90 /* NSObjectRefCountTests.m in Sources */ = {isa = PBXBuildFile; fileRef = E78CE1C11BEAEEF200B3CC90 /* NSObjectRefCountTests.m */; };
		E78CE1CD1BEAEEF200B3CC90 /* NSObjectRefCountUITests.m in Sources */ = {isa = PBXBuildFile; fileRef = E78CE1CC1BEAEEF200B3CC90 /* NSObjectRefCountUITests.m */; };
/* End PBXBuildFile section */

/* Begin PBXContainerItemProxy section */
		E78CE1BE1BEAEEF200B3CC90 /* PBXContainerItemProxy */ = {
			isa = PBXContainerItemProxy;
			containerPortal = E78CE19C1BEAEEF200B3CC90 /* Project object */;
			proxyType = 1;
			remoteGlobalIDString = E78CE1A31BEAEEF200B3CC90;
			remoteInfo = NSObjectRefCount;
		};
		E78CE1C91BEAEEF200B3CC90 /* PBXContainerItemProxy */ = {
			isa = PBXContainerItemProxy;
			containerPortal = E78CE19C1BEAEEF200B3CC90 /* Project object */;
			proxyType = 1;
			remoteGlobalIDString = E78CE1A31BEAEEF200B3CC90;
			remoteInfo = NSObjectRefCount;
		};
/* End PBXContainerItemProxy section */

/* Begin PBXFileReference section */
		E78CE1A41BEAEEF200B3CC90 /* NSObjectRefCount.app */ = {isa = PBXFileReference; explicitFileType = wrapper.application; includeInIndex = 0; path = NSObjectRefCount.app; sourceTree = BUILT_PRODUCTS_DIR; };
		E78CE1A81BEAEEF200B3CC90 /* main.m */ = {isa = PBXFileReference; lastKnownFileType = sourcecode.c.objc; path = main.m; sourceTree = "<group>"; };
		E78CE1AA1BEAEEF200B3CC90 /* AppDelegate.h */ = {isa = PBXFileReference; lastKnownFileType = sourcecode.c.h; path = AppDelegate.h; sourceTree = "<group>"; };
		E78CE1AB1BEAEEF200B3CC90 /* AppDelegate.m */ = {isa = PBXFileReference; lastKnownFileType = sourcecode.c.objc; path = AppDelegate.m; sourceTree = "<group>"; };
		E78CE1AD1BEAEEF200B3CC90 /* ViewController.h */ = {isa = PBXFileReference; lastKnownFileType = sourcecode.c.h; path = ViewController.h; sourceTree = "<group>"; };
		E78CE1AE1BEAEEF200B3CC90 /* ViewController.m */ = {isa = PBXFileReference; lastKnownFileType = sourcecode.c.objc; path = ViewController.m; sourceTree = "<group>"; };
		E78CE1B11BEAEEF200B3CC90 /* Base */ = {isa = PBXFileReference; lastKnownFileType = file.storyboard; name = Base; path = Base.lproj/Main.storyboard; sourceTree = "<group>"; };
		E78CE1B31BEAEEF200B3CC90 /* Assets.xcassets */ = {isa = PBXFileReference; lastKnownFileType = folder.assetcatalog; path = Assets.xcassets; sourceTree = "<group>"; };
		E78CE1B61BEAEEF200B3CC90 /* Base */ = {isa = PBXFileReference; lastKnownFileType = file.storyboard; name = Base; path = Base.lproj/LaunchScreen.storyboard; sourceTree = "<group>"; };
		E78CE1B81BEAEEF200B3CC90 /* Info.plist */ = {isa = PBXFileReference; lastKnownFileType = text.plist.xml; path = Info.plist; sourceTree = "<group>"; };
		E78CE1BD1BEAEEF200B3CC90 /* NSObjectRefCountTests.xctest */ = {isa = PBXFileReference; explicitFileType = wrapper.cfbundle; includeInIndex = 0; path = NSObjectRefCountTests.xctest; sourceTree = BUILT_PRODUCTS_DIR; };
		E78CE1C11BEAEEF200B3CC90 /* NSObjectRefCountTests.m */ = {isa = PBXFileReference; lastKnownFileType = sourcecode.c.objc; path = NSObjectRefCountTests.m; sourceTree = "<group>"; };
		E78CE1C31BEAEEF200B3CC90 /* Info.plist */ = {isa = PBXFileReference; lastKnownFileType = text.plist.xml; path = Info.plist; sourceTree = "<group>"; };
		E78CE1C81BEAEEF200B3CC90 /* NSObjectRefCountUITests.xctest */ = {isa = PBXFileReference; explicitFileType = wrapper.cfbundle; includeInIndex = 0; path = NSObjectRefCountUITests.xctest; sourceTree = BUILT_PRODUCTS_DIR; };
		E78CE1CC1BEAEEF200B3CC90 /* NSObjectRefCountUITests.m */ = {isa = PBXFileReference; lastKnownFileType = sourcecode.c.objc; path = NSObjectRefCountUITests.m; sourceTree = "<group>"; };
		E78CE1CE1BEAEEF200B3CC90 /* Info.plist */ = {isa = PBXFileReference; lastKnownFileType = text.plist.xml; path = Info.plist; sourceTree = "<group>"; };
/* End PBXFileReference section */

/* Begin PBXFrameworksBuildPhase section */
		E78CE1A11BEAEEF200B3CC90 /* Frameworks */ = {
			isa = PBXFrameworksBuildPhase;
			buildActionMask = 2147483647;
			files = (
			);
			runOnlyForDeploymentPostprocessing = 0;
		};
		E78CE1BA1BEAEEF200B3CC90 /* Frameworks */ = {
			isa = PBXFrameworksBuildPhase;
			buildActionMask = 2147483647;
			files = (
			);
			runOnlyForDeploymentPostprocessing = 0;
		};
		E78CE1C51BEAEEF200B3CC90 /* Frameworks */ = {
			isa = PBXFrameworksBuildPhase;
			buildActionMask = 2147483647;
			files = (
			);
			runOnlyForDeploymentPostprocessing = 0;
		};
/* End PBXFrameworksBuildPhase section */

/* Begin PBXGroup section */
		E78CE19B1BEAEEF200B3CC90 = {
			isa = PBXGroup;
			children = (
				E78CE1A61BEAEEF200B3CC90 /* NSObjectRefCount */,
				E78CE1C01BEAEEF200B3CC90 /* NSObjectRefCountTests */,
				E78CE1CB1BEAEEF200B3CC90 /* NSObjectRefCountUITests */,
				E78CE1A51BEAEEF200B3CC90 /* Products */,
			);
			sourceTree = "<group>";
		};
		E78CE1A51BEAEEF200B3CC90 /* Products */ = {
			isa = PBXGroup;
			children = (
				E78CE1A41BEAEEF200B3CC90 /* NSObjectRefCount.app */,
				E78CE1BD1BEAEEF200B3CC90 /* NSObjectRefCountTests.xctest */,
				E78CE1C81BEAEEF200B3CC90 /* NSObjectRefCountUITests.xctest */,
			);
			name = Products;
			sourceTree = "<group>";
		};
		E78CE1A61BEAEEF200B3CC90 /* NSObjectRefCount */ = {
			isa = PBXGroup;
			children = (
				E78CE1AA1BEAEEF200B3CC90 /* AppDelegate.h */,
				E78CE1AB1BEAEEF200B3CC90 /* AppDelegate.m */,
				E78CE1AD1BEAEEF200B3CC90 /* ViewController.h */,
				E78CE1AE1BEAEEF200B3CC90 /* ViewController.m */,
				E78CE1B01BEAEEF200B3CC90 /* Main.storyboard */,
				E78CE1B31BEAEEF200B3CC90 /* Assets.xcassets */,
				E78CE1B51BEAEEF200B3CC90 /* LaunchScreen.storyboard */,
				E78CE1B81BEAEEF200B3CC90 /* Info.plist */,
				E78CE1A71BEAEEF200B3CC90 /* Supporting Files */,
			);
			path = NSObjectRefCount;
			sourceTree = "<group>";
		};
		E78CE1A71BEAEEF200B3CC90 /* Supporting Files */ = {
			isa = PBXGroup;
			children = (
				E78CE1A81BEAEEF200B3CC90 /* main.m */,
			);
			name = "Supporting Files";
			sourceTree = "<group>";
		};
		E78CE1C01BEAEEF200B3CC90 /* NSObjectRefCountTests */ = {
			isa = PBXGroup;
			children = (
				E78CE1C11BEAEEF200B3CC90 /* NSObjectRefCountTests.m */,
				E78CE1C31BEAEEF200B3CC90 /* Info.plist */,
			);
			path = NSObjectRefCountTests;
			sourceTree = "<group>";
		};
		E78CE1CB1BEAEEF200B3CC90 /* NSObjectRefCountUITests */ = {
			isa = PBXGroup;
			children = (
				E78CE1CC1BEAEEF200B3CC90 /* NSObjectRefCountUITests.m */,
				E78CE1CE1BEAEEF200B3CC90 /* Info.plist */,
			);
			path = NSObjectRefCountUITests;
			sourceTree = "<group>";
		};
/* End PBXGroup section */

/* Begin PBXNativeTarget section */
		E78CE1A31BEAEEF200B3CC90 /* NSObjectRefCount */ = {
			isa = PBXNativeTarget;
			buildConfigurationList = E78CE1D11BEAEEF200B3CC90 /* Build configuration list for PBXNativeTarget "NSObjectRefCount" */;
			buildPhases = (
				E78CE1A01BEAEEF200B3CC90 /* Sources */,
				E78CE1A11BEAEEF200B3CC90 /* Frameworks */,
				E78CE1A21BEAEEF200B3CC90 /* Resources */,
			);
			buildRules = (
			);
			dependencies = (
			);
			name = NSObjectRefCount;
			productName = NSObjectRefCount;
			productReference = E78CE1A41BEAEEF200B3CC90 /* NSObjectRefCount.app */;
			productType = "com.apple.product-type.application";
		};
		E78CE1BC1BEAEEF200B3CC90 /* NSObjectRefCountTests */ = {
			isa = PBXNativeTarget;
			buildConfigurationList = E78CE1D41BEAEEF200B3CC90 /* Build configuration list for PBXNativeTarget "NSObjectRefCountTests" */;
			buildPhases = (
				E78CE1B91BEAEEF200B3CC90 /* Sources */,
				E78CE1BA1BEAEEF200B3CC90 /* Frameworks */,
				E78CE1BB1BEAEEF200B3CC90 /* Resources */,
			);
			buildRules = (
			);
			dependencies = (
				E78CE1BF1BEAEEF200B3CC90 /* PBXTargetDependency */,
			);
			name = NSObjectRefCountTests;
			productName = NSObjectRefCountTests;
			productReference = E78CE1BD1BEAEEF200B3CC90 /* NSObjectRefCountTests.xctest */;
			productType = "com.apple.product-type.bundle.unit-test";
		};
		E78CE1C71BEAEEF200B3CC90 /* NSObjectRefCountUITests */ = {
			isa = PBXNativeTarget;
			buildConfigurationList = E78CE1D71BEAEEF200B3CC90 /* Build configuration list for PBXNativeTarget "NSObjectRefCountUITests" */;
			buildPhases = (
				E78CE1C41BEAEEF200B3CC90 /* Sources */,
				E78CE1C51BEAEEF200B3CC90 /* Frameworks */,
				E78CE1C61BEAEEF200B3CC90 /* Resources */,
			);
			buildRules = (
			);
			dependencies = (
				E78CE1CA1BEAEEF200B3CC90 /* PBXTargetDependency */,
			);
			name = NSObjectRefCountUITests;
			productName = NSObjectRefCountUITests;
			productReference = E78CE1C81BEAEEF200B3CC90 /* NSObjectRefCountUITests.xctest */;
			productType = "com.apple.product-type.bundle.ui-testing";
		};
/* End PBXNativeTarget section */

/* Begin PBXProject section */
		E78CE19C1BEAEEF200B3CC90 /* Project object */ = {
			isa = PBXProject;
			attributes = {
				LastUpgradeCheck = 0710;
				ORGANIZATIONNAME = "王钱钧";
				TargetAttributes = {
					E78CE1A31BEAEEF200B3CC90 = {
						CreatedOnToolsVersion = 7.1;
					};
					E78CE1BC1BEAEEF200B3CC90 = {
						CreatedOnToolsVersion = 7.1;
						TestTargetID = E78CE1A31BEAEEF200B3CC90;
					};
					E78CE1C71BEAEEF200B3CC90 = {
						CreatedOnToolsVersion = 7.1;
						TestTargetID = E78CE1A31BEAEEF200B3CC90;
					};
				};
			};
			buildConfigurationList = E78CE19F1BEAEEF200B3CC90 /* Build configuration list for PBXProject "NSObjectRefCount" */;
			compatibilityVersion = "Xcode 3.2";
			developmentRegion = English;
			hasScannedForEncodings = 0;
			knownRegions = (
				en,
				Base,
			);
			mainGroup = E78CE19B1BEAEEF200B3CC90;
			productRefGroup = E78CE1A51BEAEEF200B3CC90 /* Products */;
			projectDirPath = "";
			projectRoot = "";
			targets = (
				E78CE1A31BEAEEF200B3CC90 /* NSObjectRefCount */,
				E78CE1BC1BEAEEF200B3CC90 /* NSObjectRefCountTests */,
				E78CE1C71BEAEEF200B3CC90 /* NSObjectRefCountUITests */,
			);
		};
/* End PBXProject section */

/* Begin PBXResourcesBuildPhase section */
		E78CE1A21BEAEEF200B3CC90 /* Resources */ = {
			isa = PBXResourcesBuildPhase;
			buildActionMask = 2147483647;
			files = (
				E78CE1B71BEAEEF200B3CC90 /* LaunchScreen.storyboard in Resources */,
				E78CE1B41BEAEEF200B3CC90 /* Assets.xcassets in Resources */,
				E78CE1B21BEAEEF200B3CC90 /* Main.storyboard in Resources */,
			);
			runOnlyForDeploymentPostprocessing = 0;
		};
		E78CE1BB1BEAEEF200B3CC90 /* Resources */ = {
			isa = PBXResourcesBuildPhase;
			buildActionMask = 2147483647;
			files = (
			);
			runOnlyForDeploymentPostprocessing = 0;
		};
		E78CE1C61BEAEEF200B3CC90 /* Resources */ = {
			isa = PBXResourcesBuildPhase;
			buildActionMask = 2147483647;
			files = (
			);
			runOnlyForDeploymentPostprocessing = 0;
		};
/* End PBXResourcesBuildPhase section */

/* Begin PBXSourcesBuildPhase section */
		E78CE1A01BEAEEF200B3CC90 /* Sources */ = {
			isa = PBXSourcesBuildPhase;
			buildActionMask = 2147483647;
			files = (
				E78CE1AF1BEAEEF200B3CC90 /* ViewController.m in Sources */,
				E78CE1AC1BEAEEF200B3CC90 /* AppDelegate.m in Sources */,
				E78CE1A91BEAEEF200B3CC90 /* main.m in Sources */,
			);
			runOnlyForDeploymentPostprocessing = 0;
		};
		E78CE1B91BEAEEF200B3CC90 /* Sources */ = {
			isa = PBXSourcesBuildPhase;
			buildActionMask = 2147483647;
			files = (
				E78CE1C21BEAEEF200B3CC90 /* NSObjectRefCountTests.m in Sources */,
			);
			runOnlyForDeploymentPostprocessing = 0;
		};
		E78CE1C41BEAEEF200B3CC90 /* Sources */ = {
			isa = PBXSourcesBuildPhase;
			buildActionMask = 2147483647;
			files = (
				E78CE1CD1BEAEEF200B3CC90 /* NSObjectRefCountUITests.m in Sources */,
			);
			runOnlyForDeploymentPostprocessing = 0;
		};
/* End PBXSourcesBuildPhase section */

/* Begin PBXTargetDependency section */
		E78CE1BF1BEAEEF200B3CC90 /* PBXTargetDependency */ = {
			isa = PBXTargetDependency;
			target = E78CE1A31BEAEEF200B3CC90 /* NSObjectRefCount */;
			targetProxy = E78CE1BE1BEAEEF200B3CC90 /* PBXContainerItemProxy */;
		};
		E78CE1CA1BEAEEF200B3CC90 /* PBXTargetDependency */ = {
			isa = PBXTargetDependency;
			target = E78CE1A31BEAEEF200B3CC90 /* NSObjectRefCount */;
			targetProxy = E78CE1C91BEAEEF200B3CC90 /* PBXContainerItemProxy */;
		};
/* End PBXTargetDependency section */

/* Begin PBXVariantGroup section */
		E78CE1B01BEAEEF200B3CC90 /* Main.storyboard */ = {
			isa = PBXVariantGroup;
			children = (
				E78CE1B11BEAEEF200B3CC90 /* Base */,
			);
			name = Main.storyboard;
			sourceTree = "<group>";
		};
		E78CE1B51BEAEEF200B3CC90 /* LaunchScreen.storyboard */ = {
			isa = PBXVariantGroup;
			children = (
				E78CE1B61BEAEEF200B3CC90 /* Base */,
			);
			name = LaunchScreen.storyboard;
			sourceTree = "<group>";
		};
/* End PBXVariantGroup section */

/* Begin XCBuildConfiguration section */
		E78CE1CF1BEAEEF200B3CC90 /* Debug */ = {
			isa = XCBuildConfiguration;
			buildSettings = {
				ALWAYS_SEARCH_USER_PATHS = NO;
				CLANG_CXX_LANGUAGE_STANDARD = "gnu++0x";
				CLANG_CXX_LIBRARY = "libc++";
				CLANG_ENABLE_MODULES = YES;
				CLANG_ENABLE_OBJC_ARC = YES;
				CLANG_WARN_BOOL_CONVERSION = YES;
				CLANG_WARN_CONSTANT_CONVERSION = YES;
				CLANG_WARN_DIRECT_OBJC_ISA_USAGE = YES_ERROR;
				CLANG_WARN_EMPTY_BODY = YES;
				CLANG_WARN_ENUM_CONVERSION = YES;
				CLANG_WARN_INT_CONVERSION = YES;
				CLANG_WARN_OBJC_ROOT_CLASS = YES_ERROR;
				CLANG_WARN_UNREACHABLE_CODE = YES;
				CLANG_WARN__DUPLICATE_METHOD_MATCH = YES;
				"CODE_SIGN_IDENTITY[sdk=iphoneos*]" = "iPhone Developer";
				COPY_PHASE_STRIP = NO;
				DEBUG_INFORMATION_FORMAT = dwarf;
				ENABLE_STRICT_OBJC_MSGSEND = YES;
				ENABLE_TESTABILITY = YES;
				GCC_C_LANGUAGE_STANDARD = gnu99;
				GCC_DYNAMIC_NO_PIC = NO;
				GCC_NO_COMMON_BLOCKS = YES;
				GCC_OPTIMIZATION_LEVEL = 0;
				GCC_PREPROCESSOR_DEFINITIONS = (
					"DEBUG=1",
					"$(inherited)",
				);
				GCC_WARN_64_TO_32_BIT_CONVERSION = YES;
				GCC_WARN_ABOUT_RETURN_TYPE = YES_ERROR;
				GCC_WARN_UNDECLARED_SELECTOR = YES;
				GCC_WARN_UNINITIALIZED_AUTOS = YES_AGGRESSIVE;
				GCC_WARN_UNUSED_FUNCTION = YES;
				GCC_WARN_UNUSED_VARIABLE = YES;
				IPHONEOS_DEPLOYMENT_TARGET = 9.1;
				MTL_ENABLE_DEBUG_INFO = YES;
				ONLY_ACTIVE_ARCH = YES;
				SDKROOT = iphoneos;
			};
			name = Debug;
		};
		E78CE1D01BEAEEF200B3CC90 /* Release */ = {
			isa = XCBuildConfiguration;
			buildSettings = {
				ALWAYS_SEARCH_USER_PATHS = NO;
				CLANG_CXX_LANGUAGE_STANDARD = "gnu++0x";
				CLANG_CXX_LIBRARY = "libc++";
				CLANG_ENABLE_MODULES = YES;
				CLANG_ENABLE_OBJC_ARC = YES;
				CLANG_WARN_BOOL_CONVERSION = YES;
				CLANG_WARN_CONSTANT_CONVERSION = YES;
				CLANG_WARN_DIRECT_OBJC_ISA_USAGE = YES_ERROR;
				CLANG_WARN_EMPTY_BODY = YES;
				CLANG_WARN_ENUM_CONVERSION = YES;
				CLANG_WARN_INT_CONVERSION = YES;
				CLANG_WARN_OBJC_ROOT_CLASS = YES_ERROR;
				CLANG_WARN_UNREACHABLE_CODE = YES;
				CLANG_WARN__DUPLICATE_METHOD_MATCH = YES;
				"CODE_SIGN_IDENTITY[sdk=iphoneos*]" = "iPhone Developer";
				COPY_PHASE_STRIP = NO;
				DEBUG_INFORMATION_FORMAT = "dwarf-with-dsym";
				ENABLE_NS_ASSERTIONS = NO;
				ENABLE_STRICT_OBJC_MSGSEND = YES;
				GCC_C_LANGUAGE_STANDARD = gnu99;
				GCC_NO_COMMON_BLOCKS = YES;
				GCC_WARN_64_TO_32_BIT_CONVERSION = YES;
				GCC_WARN_ABOUT_RETURN_TYPE = YES_ERROR;
				GCC_WARN_UNDECLARED_SELECTOR = YES;
				GCC_WARN_UNINITIALIZED_AUTOS = YES_AGGRESSIVE;
				GCC_WARN_UNUSED_FUNCTION = YES;
				GCC_WARN_UNUSED_VARIABLE = YES;
				IPHONEOS_DEPLOYMENT_TARGET = 9.1;
				MTL_ENABLE_DEBUG_INFO = NO;
				SDKROOT = iphoneos;
				VALIDATE_PRODUCT = YES;
			};
			name = Release;
		};
		E78CE1D21BEAEEF200B3CC90 /* Debug */ = {
			isa = XCBuildConfiguration;
			buildSettings = {
				ASSETCATALOG_COMPILER_APPICON_NAME = AppIcon;
				INFOPLIST_FILE = NSObjectRefCount/Info.plist;
				LD_RUNPATH_SEARCH_PATHS = "$(inherited) @executable_path/Frameworks";
				PRODUCT_BUNDLE_IDENTIFIER = cn.yoho.NSObjectRefCount;
				PRODUCT_NAME = "$(TARGET_NAME)";
			};
			name = Debug;
		};
		E78CE1D31BEAEEF200B3CC90 /* Release */ = {
			isa = XCBuildConfiguration;
			buildSettings = {
				ASSETCATALOG_COMPILER_APPICON_NAME = AppIcon;
				INFOPLIST_FILE = NSObjectRefCount/Info.plist;
				LD_RUNPATH_SEARCH_PATHS = "$(inherited) @executable_path/Frameworks";
				PRODUCT_BUNDLE_IDENTIFIER = cn.yoho.NSObjectRefCount;
				PRODUCT_NAME = "$(TARGET_NAME)";
			};
			name = Release;
		};
		E78CE1D51BEAEEF200B3CC90 /* Debug */ = {
			isa = XCBuildConfiguration;
			buildSettings = {
				BUNDLE_LOADER = "$(TEST_HOST)";
				INFOPLIST_FILE = NSObjectRefCountTests/Info.plist;
				LD_RUNPATH_SEARCH_PATHS = "$(inherited) @executable_path/Frameworks @loader_path/Frameworks";
				PRODUCT_BUNDLE_IDENTIFIER = cn.yoho.NSObjectRefCountTests;
				PRODUCT_NAME = "$(TARGET_NAME)";
				TEST_HOST = "$(BUILT_PRODUCTS_DIR)/NSObjectRefCount.app/NSObjectRefCount";
			};
			name = Debug;
		};
		E78CE1D61BEAEEF200B3CC90 /* Release */ = {
			isa = XCBuildConfiguration;
			buildSettings = {
				BUNDLE_LOADER = "$(TEST_HOST)";
				INFOPLIST_FILE = NSObjectRefCountTests/Info.plist;
				LD_RUNPATH_SEARCH_PATHS = "$(inherited) @executable_path/Frameworks @loader_path/Frameworks";
				PRODUCT_BUNDLE_IDENTIFIER = cn.yoho.NSObjectRefCountTests;
				PRODUCT_NAME = "$(TARGET_NAME)";
				TEST_HOST = "$(BUILT_PRODUCTS_DIR)/NSObjectRefCount.app/NSObjectRefCount";
			};
			name = Release;
		};
		E78CE1D81BEAEEF200B3CC90 /* Debug */ = {
			isa = XCBuildConfiguration;
			buildSettings = {
				INFOPLIST_FILE = NSObjectRefCountUITests/Info.plist;
				LD_RUNPATH_SEARCH_PATHS = "$(inherited) @executable_path/Frameworks @loader_path/Frameworks";
				PRODUCT_BUNDLE_IDENTIFIER = cn.yoho.NSObjectRefCountUITests;
				PRODUCT_NAME = "$(TARGET_NAME)";
				TEST_TARGET_NAME = NSObjectRefCount;
				USES_XCTRUNNER = YES;
			};
			name = Debug;
		};
		E78CE1D91BEAEEF200B3CC90 /* Release */ = {
			isa = XCBuildConfiguration;
			buildSettings = {
				INFOPLIST_FILE = NSObjectRefCountUITests/Info.plist;
				LD_RUNPATH_SEARCH_PATHS = "$(inherited) @executable_path/Frameworks @loader_path/Frameworks";
				PRODUCT_BUNDLE_IDENTIFIER = cn.yoho.NSObjectRefCountUITests;
				PRODUCT_NAME = "$(TARGET_NAME)";
				TEST_TARGET_NAME = NSObjectRefCount;
				USES_XCTRUNNER = YES;
			};
			name = Release;
		};
/* End XCBuildConfiguration section */

/* Begin XCConfigurationList section */
		E78CE19F1BEAEEF200B3CC90 /* Build configuration list for PBXProject "NSObjectRefCount" */ = {
			isa = XCConfigurationList;
			buildConfigurations = (
				E78CE1CF1BEAEEF200B3CC90 /* Debug */,
				E78CE1D01BEAEEF200B3CC90 /* Release */,
			);
			defaultConfigurationIsVisible = 0;
			defaultConfigurationName = Release;
		};
		E78CE1D11BEAEEF200B3CC90 /* Build configuration list for PBXNativeTarget "NSObjectRefCount" */ = {
			isa = XCConfigurationList;
			buildConfigurations = (
				E78CE1D21BEAEEF200B3CC90 /* Debug */,
				E78CE1D31BEAEEF200B3CC90 /* Release */,
			);
			defaultConfigurationIsVisible = 0;
		};
		E78CE1D41BEAEEF200B3CC90 /* Build configuration list for PBXNativeTarget "NSObjectRefCountTests" */ = {
			isa = XCConfigurationList;
			buildConfigurations = (
				E78CE1D51BEAEEF200B3CC90 /* Debug */,
				E78CE1D61BEAEEF200B3CC90 /* Release */,
			);
			defaultConfigurationIsVisible = 0;
		};
		E78CE1D71BEAEEF200B3CC90 /* Build configuration list for PBXNativeTarget "NSObjectRefCountUITests" */ = {
			isa = XCConfigurationList;
			buildConfigurations = (
				E78CE1D81BEAEEF200B3CC90 /* Debug */,
				E78CE1D91BEAEEF200B3CC90 /* Release */,
			);
			defaultConfigurationIsVisible = 0;
		};
/* End XCConfigurationList section */
	};
	rootObject = E78CE19C1BEAEEF200B3CC90 /* Project object */;
}
