// !$*UTF8*$!
{
	archiveVersion = 1;
	classes = {
	};
	objectVersion = 46;
	objects = {

/* Begin PBXBuildFile section */
		E797B5811A0B4D41001D693B /* main.m in Sources */ = {isa = PBXBuildFile; fileRef = E797B5801A0B4D41001D693B /* main.m */; };
		E797B5841A0B4D41001D693B /* AppDelegate.m in Sources */ = {isa = PBXBuildFile; fileRef = E797B5831A0B4D41001D693B /* AppDelegate.m */; };
		E797B5871A0B4D42001D693B /* ViewController.m in Sources */ = {isa = PBXBuildFile; fileRef = E797B5861A0B4D42001D693B /* ViewController.m */; };
		E797B58A1A0B4D42001D693B /* Main.storyboard in Resources */ = {isa = PBXBuildFile; fileRef = E797B5881A0B4D42001D693B /* Main.storyboard */; };
		E797B58C1A0B4D42001D693B /* Images.xcassets in Resources */ = {isa = PBXBuildFile; fileRef = E797B58B1A0B4D42001D693B /* Images.xcassets */; };
		E797B58F1A0B4D42001D693B /* LaunchScreen.xib in Resources */ = {isa = PBXBuildFile; fileRef = E797B58D1A0B4D42001D693B /* LaunchScreen.xib */; };
		E797B59B1A0B4D42001D693B /* DynamicBehaviorDemoTests.m in Sources */ = {isa = PBXBuildFile; fileRef = E797B59A1A0B4D42001D693B /* DynamicBehaviorDemoTests.m */; };
/* End PBXBuildFile section */

/* Begin PBXContainerItemProxy section */
		E797B5951A0B4D42001D693B /* PBXContainerItemProxy */ = {
			isa = PBXContainerItemProxy;
			containerPortal = E797B5731A0B4D41001D693B /* Project object */;
			proxyType = 1;
			remoteGlobalIDString = E797B57A1A0B4D41001D693B;
			remoteInfo = DynamicBehaviorDemo;
		};
/* End PBXContainerItemProxy section */

/* Begin PBXFileReference section */
		E797B57B1A0B4D41001D693B /* DynamicBehaviorDemo.app */ = {isa = PBXFileReference; explicitFileType = wrapper.application; includeInIndex = 0; path = DynamicBehaviorDemo.app; sourceTree = BUILT_PRODUCTS_DIR; };
		E797B57F1A0B4D41001D693B /* Info.plist */ = {isa = PBXFileReference; lastKnownFileType = text.plist.xml; path = Info.plist; sourceTree = "<group>"; };
		E797B5801A0B4D41001D693B /* main.m */ = {isa = PBXFileReference; lastKnownFileType = sourcecode.c.objc; path = main.m; sourceTree = "<group>"; };
		E797B5821A0B4D41001D693B /* AppDelegate.h */ = {isa = PBXFileReference; lastKnownFileType = sourcecode.c.h; path = AppDelegate.h; sourceTree = "<group>"; };
		E797B5831A0B4D41001D693B /* AppDelegate.m */ = {isa = PBXFileReference; lastKnownFileType = sourcecode.c.objc; path = AppDelegate.m; sourceTree = "<group>"; };
		E797B5851A0B4D41001D693B /* ViewController.h */ = {isa = PBXFileReference; lastKnownFileType = sourcecode.c.h; path = ViewController.h; sourceTree = "<group>"; };
		E797B5861A0B4D42001D693B /* ViewController.m */ = {isa = PBXFileReference; lastKnownFileType = sourcecode.c.objc; path = ViewController.m; sourceTree = "<group>"; };
		E797B5891A0B4D42001D693B /* Base */ = {isa = PBXFileReference; lastKnownFileType = file.storyboard; name = Base; path = Base.lproj/Main.storyboard; sourceTree = "<group>"; };
		E797B58B1A0B4D42001D693B /* Images.xcassets */ = {isa = PBXFileReference; lastKnownFileType = folder.assetcatalog; path = Images.xcassets; sourceTree = "<group>"; };
		E797B58E1A0B4D42001D693B /* Base */ = {isa = PBXFileReference; lastKnownFileType = file.xib; name = Base; path = Base.lproj/LaunchScreen.xib; sourceTree = "<group>"; };
		E797B5941A0B4D42001D693B /* DynamicBehaviorDemoTests.xctest */ = {isa = PBXFileReference; explicitFileType = wrapper.cfbundle; includeInIndex = 0; path = DynamicBehaviorDemoTests.xctest; sourceTree = BUILT_PRODUCTS_DIR; };
		E797B5991A0B4D42001D693B /* Info.plist */ = {isa = PBXFileReference; lastKnownFileType = text.plist.xml; path = Info.plist; sourceTree = "<group>"; };
		E797B59A1A0B4D42001D693B /* DynamicBehaviorDemoTests.m */ = {isa = PBXFileReference; lastKnownFileType = sourcecode.c.objc; path = DynamicBehaviorDemoTests.m; sourceTree = "<group>"; };
/* End PBXFileReference section */

/* Begin PBXFrameworksBuildPhase section */
		E797B5781A0B4D41001D693B /* Frameworks */ = {
			isa = PBXFrameworksBuildPhase;
			buildActionMask = 2147483647;
			files = (
			);
			runOnlyForDeploymentPostprocessing = 0;
		};
		E797B5911A0B4D42001D693B /* Frameworks */ = {
			isa = PBXFrameworksBuildPhase;
			buildActionMask = 2147483647;
			files = (
			);
			runOnlyForDeploymentPostprocessing = 0;
		};
/* End PBXFrameworksBuildPhase section */

/* Begin PBXGroup section */
		E797B5721A0B4D41001D693B = {
			isa = PBXGroup;
			children = (
				E797B57D1A0B4D41001D693B /* DynamicBehaviorDemo */,
				E797B5971A0B4D42001D693B /* DynamicBehaviorDemoTests */,
				E797B57C1A0B4D41001D693B /* Products */,
			);
			sourceTree = "<group>";
		};
		E797B57C1A0B4D41001D693B /* Products */ = {
			isa = PBXGroup;
			children = (
				E797B57B1A0B4D41001D693B /* DynamicBehaviorDemo.app */,
				E797B5941A0B4D42001D693B /* DynamicBehaviorDemoTests.xctest */,
			);
			name = Products;
			sourceTree = "<group>";
		};
		E797B57D1A0B4D41001D693B /* DynamicBehaviorDemo */ = {
			isa = PBXGroup;
			children = (
				E797B5821A0B4D41001D693B /* AppDelegate.h */,
				E797B5831A0B4D41001D693B /* AppDelegate.m */,
				E797B5851A0B4D41001D693B /* ViewController.h */,
				E797B5861A0B4D42001D693B /* ViewController.m */,
				E797B5881A0B4D42001D693B /* Main.storyboard */,
				E797B58B1A0B4D42001D693B /* Images.xcassets */,
				E797B58D1A0B4D42001D693B /* LaunchScreen.xib */,
				E797B57E1A0B4D41001D693B /* Supporting Files */,
			);
			path = DynamicBehaviorDemo;
			sourceTree = "<group>";
		};
		E797B57E1A0B4D41001D693B /* Supporting Files */ = {
			isa = PBXGroup;
			children = (
				E797B57F1A0B4D41001D693B /* Info.plist */,
				E797B5801A0B4D41001D693B /* main.m */,
			);
			name = "Supporting Files";
			sourceTree = "<group>";
		};
		E797B5971A0B4D42001D693B /* DynamicBehaviorDemoTests */ = {
			isa = PBXGroup;
			children = (
				E797B59A1A0B4D42001D693B /* DynamicBehaviorDemoTests.m */,
				E797B5981A0B4D42001D693B /* Supporting Files */,
			);
			path = DynamicBehaviorDemoTests;
			sourceTree = "<group>";
		};
		E797B5981A0B4D42001D693B /* Supporting Files */ = {
			isa = PBXGroup;
			children = (
				E797B5991A0B4D42001D693B /* Info.plist */,
			);
			name = "Supporting Files";
			sourceTree = "<group>";
		};
/* End PBXGroup section */

/* Begin PBXNativeTarget section */
		E797B57A1A0B4D41001D693B /* DynamicBehaviorDemo */ = {
			isa = PBXNativeTarget;
			buildConfigurationList = E797B59E1A0B4D42001D693B /* Build configuration list for PBXNativeTarget "DynamicBehaviorDemo" */;
			buildPhases = (
				E797B5771A0B4D41001D693B /* Sources */,
				E797B5781A0B4D41001D693B /* Frameworks */,
				E797B5791A0B4D41001D693B /* Resources */,
			);
			buildRules = (
			);
			dependencies = (
			);
			name = DynamicBehaviorDemo;
			productName = DynamicBehaviorDemo;
			productReference = E797B57B1A0B4D41001D693B /* DynamicBehaviorDemo.app */;
			productType = "com.apple.product-type.application";
		};
		E797B5931A0B4D42001D693B /* DynamicBehaviorDemoTests */ = {
			isa = PBXNativeTarget;
			buildConfigurationList = E797B5A11A0B4D42001D693B /* Build configuration list for PBXNativeTarget "DynamicBehaviorDemoTests" */;
			buildPhases = (
				E797B5901A0B4D42001D693B /* Sources */,
				E797B5911A0B4D42001D693B /* Frameworks */,
				E797B5921A0B4D42001D693B /* Resources */,
			);
			buildRules = (
			);
			dependencies = (
				E797B5961A0B4D42001D693B /* PBXTargetDependency */,
			);
			name = DynamicBehaviorDemoTests;
			productName = DynamicBehaviorDemoTests;
			productReference = E797B5941A0B4D42001D693B /* DynamicBehaviorDemoTests.xctest */;
			productType = "com.apple.product-type.bundle.unit-test";
		};
/* End PBXNativeTarget section */

/* Begin PBXProject section */
		E797B5731A0B4D41001D693B /* Project object */ = {
			isa = PBXProject;
			attributes = {
				LastUpgradeCheck = 0610;
				ORGANIZATIONNAME = "王钱钧";
				TargetAttributes = {
					E797B57A1A0B4D41001D693B = {
						CreatedOnToolsVersion = 6.1;
					};
					E797B5931A0B4D42001D693B = {
						CreatedOnToolsVersion = 6.1;
						TestTargetID = E797B57A1A0B4D41001D693B;
					};
				};
			};
			buildConfigurationList = E797B5761A0B4D41001D693B /* Build configuration list for PBXProject "DynamicBehaviorDemo" */;
			compatibilityVersion = "Xcode 3.2";
			developmentRegion = English;
			hasScannedForEncodings = 0;
			knownRegions = (
				en,
				Base,
			);
			mainGroup = E797B5721A0B4D41001D693B;
			productRefGroup = E797B57C1A0B4D41001D693B /* Products */;
			projectDirPath = "";
			projectRoot = "";
			targets = (
				E797B57A1A0B4D41001D693B /* DynamicBehaviorDemo */,
				E797B5931A0B4D42001D693B /* DynamicBehaviorDemoTests */,
			);
		};
/* End PBXProject section */

/* Begin PBXResourcesBuildPhase section */
		E797B5791A0B4D41001D693B /* Resources */ = {
			isa = PBXResourcesBuildPhase;
			buildActionMask = 2147483647;
			files = (
				E797B58A1A0B4D42001D693B /* Main.storyboard in Resources */,
				E797B58F1A0B4D42001D693B /* LaunchScreen.xib in Resources */,
				E797B58C1A0B4D42001D693B /* Images.xcassets in Resources */,
			);
			runOnlyForDeploymentPostprocessing = 0;
		};
		E797B5921A0B4D42001D693B /* Resources */ = {
			isa = PBXResourcesBuildPhase;
			buildActionMask = 2147483647;
			files = (
			);
			runOnlyForDeploymentPostprocessing = 0;
		};
/* End PBXResourcesBuildPhase section */

/* Begin PBXSourcesBuildPhase section */
		E797B5771A0B4D41001D693B /* Sources */ = {
			isa = PBXSourcesBuildPhase;
			buildActionMask = 2147483647;
			files = (
				E797B5871A0B4D42001D693B /* ViewController.m in Sources */,
				E797B5841A0B4D41001D693B /* AppDelegate.m in Sources */,
				E797B5811A0B4D41001D693B /* main.m in Sources */,
			);
			runOnlyForDeploymentPostprocessing = 0;
		};
		E797B5901A0B4D42001D693B /* Sources */ = {
			isa = PBXSourcesBuildPhase;
			buildActionMask = 2147483647;
			files = (
				E797B59B1A0B4D42001D693B /* DynamicBehaviorDemoTests.m in Sources */,
			);
			runOnlyForDeploymentPostprocessing = 0;
		};
/* End PBXSourcesBuildPhase section */

/* Begin PBXTargetDependency section */
		E797B5961A0B4D42001D693B /* PBXTargetDependency */ = {
			isa = PBXTargetDependency;
			target = E797B57A1A0B4D41001D693B /* DynamicBehaviorDemo */;
			targetProxy = E797B5951A0B4D42001D693B /* PBXContainerItemProxy */;
		};
/* End PBXTargetDependency section */

/* Begin PBXVariantGroup section */
		E797B5881A0B4D42001D693B /* Main.storyboard */ = {
			isa = PBXVariantGroup;
			children = (
				E797B5891A0B4D42001D693B /* Base */,
			);
			name = Main.storyboard;
			sourceTree = "<group>";
		};
		E797B58D1A0B4D42001D693B /* LaunchScreen.xib */ = {
			isa = PBXVariantGroup;
			children = (
				E797B58E1A0B4D42001D693B /* Base */,
			);
			name = LaunchScreen.xib;
			sourceTree = "<group>";
		};
/* End PBXVariantGroup section */

/* Begin XCBuildConfiguration section */
		E797B59C1A0B4D42001D693B /* Debug */ = {
			isa = XCBuildConfiguration;
			buildSettings = {
				ALWAYS_SEARCH_USER_PATHS = NO;
				CLANG_CXX_LANGUAGE_STANDARD = "gnu++0x";
				CLANG_CXX_LIBRARY = "libc++";
				CLANG_ENABLE_MODULES = YES;
				CLANG_ENABLE_OBJC_ARC = YES;
				CLANG_WARN_BOOL_CONVERSION = YES;
				CLANG_WARN_CONSTANT_CONVERSION = YES;
				CLANG_WARN_DIRECT_OBJC_ISA_USAGE = YES_ERROR;
				CLANG_WARN_EMPTY_BODY = YES;
				CLANG_WARN_ENUM_CONVERSION = YES;
				CLANG_WARN_INT_CONVERSION = YES;
				CLANG_WARN_OBJC_ROOT_CLASS = YES_ERROR;
				CLANG_WARN_UNREACHABLE_CODE = YES;
				CLANG_WARN__DUPLICATE_METHOD_MATCH = YES;
				"CODE_SIGN_IDENTITY[sdk=iphoneos*]" = "iPhone Developer";
				COPY_PHASE_STRIP = NO;
				ENABLE_STRICT_OBJC_MSGSEND = YES;
				GCC_C_LANGUAGE_STANDARD = gnu99;
				GCC_DYNAMIC_NO_PIC = NO;
				GCC_OPTIMIZATION_LEVEL = 0;
				GCC_PREPROCESSOR_DEFINITIONS = (
					"DEBUG=1",
					"$(inherited)",
				);
				GCC_SYMBOLS_PRIVATE_EXTERN = NO;
				GCC_WARN_64_TO_32_BIT_CONVERSION = YES;
				GCC_WARN_ABOUT_RETURN_TYPE = YES_ERROR;
				GCC_WARN_UNDECLARED_SELECTOR = YES;
				GCC_WARN_UNINITIALIZED_AUTOS = YES_AGGRESSIVE;
				GCC_WARN_UNUSED_FUNCTION = YES;
				GCC_WARN_UNUSED_VARIABLE = YES;
				IPHONEOS_DEPLOYMENT_TARGET = 8.1;
				MTL_ENABLE_DEBUG_INFO = YES;
				ONLY_ACTIVE_ARCH = YES;
				SDKROOT = iphoneos;
			};
			name = Debug;
		};
		E797B59D1A0B4D42001D693B /* Release */ = {
			isa = XCBuildConfiguration;
			buildSettings = {
				ALWAYS_SEARCH_USER_PATHS = NO;
				CLANG_CXX_LANGUAGE_STANDARD = "gnu++0x";
				CLANG_CXX_LIBRARY = "libc++";
				CLANG_ENABLE_MODULES = YES;
				CLANG_ENABLE_OBJC_ARC = YES;
				CLANG_WARN_BOOL_CONVERSION = YES;
				CLANG_WARN_CONSTANT_CONVERSION = YES;
				CLANG_WARN_DIRECT_OBJC_ISA_USAGE = YES_ERROR;
				CLANG_WARN_EMPTY_BODY = YES;
				CLANG_WARN_ENUM_CONVERSION = YES;
				CLANG_WARN_INT_CONVERSION = YES;
				CLANG_WARN_OBJC_ROOT_CLASS = YES_ERROR;
				CLANG_WARN_UNREACHABLE_CODE = YES;
				CLANG_WARN__DUPLICATE_METHOD_MATCH = YES;
				"CODE_SIGN_IDENTITY[sdk=iphoneos*]" = "iPhone Developer";
				COPY_PHASE_STRIP = YES;
				ENABLE_NS_ASSERTIONS = NO;
				ENABLE_STRICT_OBJC_MSGSEND = YES;
				GCC_C_LANGUAGE_STANDARD = gnu99;
				GCC_WARN_64_TO_32_BIT_CONVERSION = YES;
				GCC_WARN_ABOUT_RETURN_TYPE = YES_ERROR;
				GCC_WARN_UNDECLARED_SELECTOR = YES;
				GCC_WARN_UNINITIALIZED_AUTOS = YES_AGGRESSIVE;
				GCC_WARN_UNUSED_FUNCTION = YES;
				GCC_WARN_UNUSED_VARIABLE = YES;
				IPHONEOS_DEPLOYMENT_TARGET = 8.1;
				MTL_ENABLE_DEBUG_INFO = NO;
				SDKROOT = iphoneos;
				VALIDATE_PRODUCT = YES;
			};
			name = Release;
		};
		E797B59F1A0B4D42001D693B /* Debug */ = {
			isa = XCBuildConfiguration;
			buildSettings = {
				ASSETCATALOG_COMPILER_APPICON_NAME = AppIcon;
				INFOPLIST_FILE = DynamicBehaviorDemo/Info.plist;
				LD_RUNPATH_SEARCH_PATHS = "$(inherited) @executable_path/Frameworks";
				PRODUCT_NAME = "$(TARGET_NAME)";
			};
			name = Debug;
		};
		E797B5A01A0B4D42001D693B /* Release */ = {
			isa = XCBuildConfiguration;
			buildSettings = {
				ASSETCATALOG_COMPILER_APPICON_NAME = AppIcon;
				INFOPLIST_FILE = DynamicBehaviorDemo/Info.plist;
				LD_RUNPATH_SEARCH_PATHS = "$(inherited) @executable_path/Frameworks";
				PRODUCT_NAME = "$(TARGET_NAME)";
			};
			name = Release;
		};
		E797B5A21A0B4D42001D693B /* Debug */ = {
			isa = XCBuildConfiguration;
			buildSettings = {
				BUNDLE_LOADER = "$(TEST_HOST)";
				FRAMEWORK_SEARCH_PATHS = (
					"$(SDKROOT)/Developer/Library/Frameworks",
					"$(inherited)",
				);
				GCC_PREPROCESSOR_DEFINITIONS = (
					"DEBUG=1",
					"$(inherited)",
				);
				INFOPLIST_FILE = DynamicBehaviorDemoTests/Info.plist;
				LD_RUNPATH_SEARCH_PATHS = "$(inherited) @executable_path/Frameworks @loader_path/Frameworks";
				PRODUCT_NAME = "$(TARGET_NAME)";
				TEST_HOST = "$(BUILT_PRODUCTS_DIR)/DynamicBehaviorDemo.app/DynamicBehaviorDemo";
			};
			name = Debug;
		};
		E797B5A31A0B4D42001D693B /* Release */ = {
			isa = XCBuildConfiguration;
			buildSettings = {
				BUNDLE_LOADER = "$(TEST_HOST)";
				FRAMEWORK_SEARCH_PATHS = (
					"$(SDKROOT)/Developer/Library/Frameworks",
					"$(inherited)",
				);
				INFOPLIST_FILE = DynamicBehaviorDemoTests/Info.plist;
				LD_RUNPATH_SEARCH_PATHS = "$(inherited) @executable_path/Frameworks @loader_path/Frameworks";
				PRODUCT_NAME = "$(TARGET_NAME)";
				TEST_HOST = "$(BUILT_PRODUCTS_DIR)/DynamicBehaviorDemo.app/DynamicBehaviorDemo";
			};
			name = Release;
		};
/* End XCBuildConfiguration section */

/* Begin XCConfigurationList section */
		E797B5761A0B4D41001D693B /* Build configuration list for PBXProject "DynamicBehaviorDemo" */ = {
			isa = XCConfigurationList;
			buildConfigurations = (
				E797B59C1A0B4D42001D693B /* Debug */,
				E797B59D1A0B4D42001D693B /* Release */,
			);
			defaultConfigurationIsVisible = 0;
			defaultConfigurationName = Release;
		};
		E797B59E1A0B4D42001D693B /* Build configuration list for PBXNativeTarget "DynamicBehaviorDemo" */ = {
			isa = XCConfigurationList;
			buildConfigurations = (
				E797B59F1A0B4D42001D693B /* Debug */,
				E797B5A01A0B4D42001D693B /* Release */,
			);
			defaultConfigurationIsVisible = 0;
		};
		E797B5A11A0B4D42001D693B /* Build configuration list for PBXNativeTarget "DynamicBehaviorDemoTests" */ = {
			isa = XCConfigurationList;
			buildConfigurations = (
				E797B5A21A0B4D42001D693B /* Debug */,
				E797B5A31A0B4D42001D693B /* Release */,
			);
			defaultConfigurationIsVisible = 0;
		};
/* End XCConfigurationList section */
	};
	rootObject = E797B5731A0B4D41001D693B /* Project object */;
}
