// !$*UTF8*$!
{
	archiveVersion = 1;
	classes = {
	};
	objectVersion = 46;
	objects = {

/* Begin PBXBuildFile section */
		E71014091ACD0DF700DEF580 /* main.m in Sources */ = {isa = PBXBuildFile; fileRef = E71014081ACD0DF700DEF580 /* main.m */; };
		E710140C1ACD0DF700DEF580 /* AppDelegate.m in Sources */ = {isa = PBXBuildFile; fileRef = E710140B1ACD0DF700DEF580 /* AppDelegate.m */; };
		E710140F1ACD0DF700DEF580 /* ViewController.m in Sources */ = {isa = PBXBuildFile; fileRef = E710140E1ACD0DF700DEF580 /* ViewController.m */; };
		E71014121ACD0DF700DEF580 /* Main.storyboard in Resources */ = {isa = PBXBuildFile; fileRef = E71014101ACD0DF700DEF580 /* Main.storyboard */; };
		E71014141ACD0DF700DEF580 /* Images.xcassets in Resources */ = {isa = PBXBuildFile; fileRef = E71014131ACD0DF700DEF580 /* Images.xcassets */; };
		E71014171ACD0DF700DEF580 /* LaunchScreen.xib in Resources */ = {isa = PBXBuildFile; fileRef = E71014151ACD0DF700DEF580 /* LaunchScreen.xib */; };
		E71014231ACD0DF700DEF580 /* AffineTransformTests.m in Sources */ = {isa = PBXBuildFile; fileRef = E71014221ACD0DF700DEF580 /* AffineTransformTests.m */; };
/* End PBXBuildFile section */

/* Begin PBXContainerItemProxy section */
		E710141D1ACD0DF700DEF580 /* PBXContainerItemProxy */ = {
			isa = PBXContainerItemProxy;
			containerPortal = E71013FB1ACD0DF600DEF580 /* Project object */;
			proxyType = 1;
			remoteGlobalIDString = E71014021ACD0DF700DEF580;
			remoteInfo = AffineTransform;
		};
/* End PBXContainerItemProxy section */

/* Begin PBXFileReference section */
		E71014031ACD0DF700DEF580 /* AffineTransform.app */ = {isa = PBXFileReference; explicitFileType = wrapper.application; includeInIndex = 0; path = AffineTransform.app; sourceTree = BUILT_PRODUCTS_DIR; };
		E71014071ACD0DF700DEF580 /* Info.plist */ = {isa = PBXFileReference; lastKnownFileType = text.plist.xml; path = Info.plist; sourceTree = "<group>"; };
		E71014081ACD0DF700DEF580 /* main.m */ = {isa = PBXFileReference; lastKnownFileType = sourcecode.c.objc; path = main.m; sourceTree = "<group>"; };
		E710140A1ACD0DF700DEF580 /* AppDelegate.h */ = {isa = PBXFileReference; lastKnownFileType = sourcecode.c.h; path = AppDelegate.h; sourceTree = "<group>"; };
		E710140B1ACD0DF700DEF580 /* AppDelegate.m */ = {isa = PBXFileReference; lastKnownFileType = sourcecode.c.objc; path = AppDelegate.m; sourceTree = "<group>"; };
		E710140D1ACD0DF700DEF580 /* ViewController.h */ = {isa = PBXFileReference; lastKnownFileType = sourcecode.c.h; path = ViewController.h; sourceTree = "<group>"; };
		E710140E1ACD0DF700DEF580 /* ViewController.m */ = {isa = PBXFileReference; lastKnownFileType = sourcecode.c.objc; path = ViewController.m; sourceTree = "<group>"; };
		E71014111ACD0DF700DEF580 /* Base */ = {isa = PBXFileReference; lastKnownFileType = file.storyboard; name = Base; path = Base.lproj/Main.storyboard; sourceTree = "<group>"; };
		E71014131ACD0DF700DEF580 /* Images.xcassets */ = {isa = PBXFileReference; lastKnownFileType = folder.assetcatalog; path = Images.xcassets; sourceTree = "<group>"; };
		E71014161ACD0DF700DEF580 /* Base */ = {isa = PBXFileReference; lastKnownFileType = file.xib; name = Base; path = Base.lproj/LaunchScreen.xib; sourceTree = "<group>"; };
		E710141C1ACD0DF700DEF580 /* AffineTransformTests.xctest */ = {isa = PBXFileReference; explicitFileType = wrapper.cfbundle; includeInIndex = 0; path = AffineTransformTests.xctest; sourceTree = BUILT_PRODUCTS_DIR; };
		E71014211ACD0DF700DEF580 /* Info.plist */ = {isa = PBXFileReference; lastKnownFileType = text.plist.xml; path = Info.plist; sourceTree = "<group>"; };
		E71014221ACD0DF700DEF580 /* AffineTransformTests.m */ = {isa = PBXFileReference; lastKnownFileType = sourcecode.c.objc; path = AffineTransformTests.m; sourceTree = "<group>"; };
/* End PBXFileReference section */

/* Begin PBXFrameworksBuildPhase section */
		E71014001ACD0DF700DEF580 /* Frameworks */ = {
			isa = PBXFrameworksBuildPhase;
			buildActionMask = 2147483647;
			files = (
			);
			runOnlyForDeploymentPostprocessing = 0;
		};
		E71014191ACD0DF700DEF580 /* Frameworks */ = {
			isa = PBXFrameworksBuildPhase;
			buildActionMask = 2147483647;
			files = (
			);
			runOnlyForDeploymentPostprocessing = 0;
		};
/* End PBXFrameworksBuildPhase section */

/* Begin PBXGroup section */
		E71013FA1ACD0DF600DEF580 = {
			isa = PBXGroup;
			children = (
				E71014051ACD0DF700DEF580 /* AffineTransform */,
				E710141F1ACD0DF700DEF580 /* AffineTransformTests */,
				E71014041ACD0DF700DEF580 /* Products */,
			);
			sourceTree = "<group>";
		};
		E71014041ACD0DF700DEF580 /* Products */ = {
			isa = PBXGroup;
			children = (
				E71014031ACD0DF700DEF580 /* AffineTransform.app */,
				E710141C1ACD0DF700DEF580 /* AffineTransformTests.xctest */,
			);
			name = Products;
			sourceTree = "<group>";
		};
		E71014051ACD0DF700DEF580 /* AffineTransform */ = {
			isa = PBXGroup;
			children = (
				E710140A1ACD0DF700DEF580 /* AppDelegate.h */,
				E710140B1ACD0DF700DEF580 /* AppDelegate.m */,
				E710140D1ACD0DF700DEF580 /* ViewController.h */,
				E710140E1ACD0DF700DEF580 /* ViewController.m */,
				E71014101ACD0DF700DEF580 /* Main.storyboard */,
				E71014131ACD0DF700DEF580 /* Images.xcassets */,
				E71014151ACD0DF700DEF580 /* LaunchScreen.xib */,
				E71014061ACD0DF700DEF580 /* Supporting Files */,
			);
			path = AffineTransform;
			sourceTree = "<group>";
		};
		E71014061ACD0DF700DEF580 /* Supporting Files */ = {
			isa = PBXGroup;
			children = (
				E71014071ACD0DF700DEF580 /* Info.plist */,
				E71014081ACD0DF700DEF580 /* main.m */,
			);
			name = "Supporting Files";
			sourceTree = "<group>";
		};
		E710141F1ACD0DF700DEF580 /* AffineTransformTests */ = {
			isa = PBXGroup;
			children = (
				E71014221ACD0DF700DEF580 /* AffineTransformTests.m */,
				E71014201ACD0DF700DEF580 /* Supporting Files */,
			);
			path = AffineTransformTests;
			sourceTree = "<group>";
		};
		E71014201ACD0DF700DEF580 /* Supporting Files */ = {
			isa = PBXGroup;
			children = (
				E71014211ACD0DF700DEF580 /* Info.plist */,
			);
			name = "Supporting Files";
			sourceTree = "<group>";
		};
/* End PBXGroup section */

/* Begin PBXNativeTarget section */
		E71014021ACD0DF700DEF580 /* AffineTransform */ = {
			isa = PBXNativeTarget;
			buildConfigurationList = E71014261ACD0DF700DEF580 /* Build configuration list for PBXNativeTarget "AffineTransform" */;
			buildPhases = (
				E71013FF1ACD0DF700DEF580 /* Sources */,
				E71014001ACD0DF700DEF580 /* Frameworks */,
				E71014011ACD0DF700DEF580 /* Resources */,
			);
			buildRules = (
			);
			dependencies = (
			);
			name = AffineTransform;
			productName = AffineTransform;
			productReference = E71014031ACD0DF700DEF580 /* AffineTransform.app */;
			productType = "com.apple.product-type.application";
		};
		E710141B1ACD0DF700DEF580 /* AffineTransformTests */ = {
			isa = PBXNativeTarget;
			buildConfigurationList = E71014291ACD0DF700DEF580 /* Build configuration list for PBXNativeTarget "AffineTransformTests" */;
			buildPhases = (
				E71014181ACD0DF700DEF580 /* Sources */,
				E71014191ACD0DF700DEF580 /* Frameworks */,
				E710141A1ACD0DF700DEF580 /* Resources */,
			);
			buildRules = (
			);
			dependencies = (
				E710141E1ACD0DF700DEF580 /* PBXTargetDependency */,
			);
			name = AffineTransformTests;
			productName = AffineTransformTests;
			productReference = E710141C1ACD0DF700DEF580 /* AffineTransformTests.xctest */;
			productType = "com.apple.product-type.bundle.unit-test";
		};
/* End PBXNativeTarget section */

/* Begin PBXProject section */
		E71013FB1ACD0DF600DEF580 /* Project object */ = {
			isa = PBXProject;
			attributes = {
				LastUpgradeCheck = 0620;
				ORGANIZATIONNAME = Arthur;
				TargetAttributes = {
					E71014021ACD0DF700DEF580 = {
						CreatedOnToolsVersion = 6.2;
					};
					E710141B1ACD0DF700DEF580 = {
						CreatedOnToolsVersion = 6.2;
						TestTargetID = E71014021ACD0DF700DEF580;
					};
				};
			};
			buildConfigurationList = E71013FE1ACD0DF700DEF580 /* Build configuration list for PBXProject "AffineTransform" */;
			compatibilityVersion = "Xcode 3.2";
			developmentRegion = English;
			hasScannedForEncodings = 0;
			knownRegions = (
				en,
				Base,
			);
			mainGroup = E71013FA1ACD0DF600DEF580;
			productRefGroup = E71014041ACD0DF700DEF580 /* Products */;
			projectDirPath = "";
			projectRoot = "";
			targets = (
				E71014021ACD0DF700DEF580 /* AffineTransform */,
				E710141B1ACD0DF700DEF580 /* AffineTransformTests */,
			);
		};
/* End PBXProject section */

/* Begin PBXResourcesBuildPhase section */
		E71014011ACD0DF700DEF580 /* Resources */ = {
			isa = PBXResourcesBuildPhase;
			buildActionMask = 2147483647;
			files = (
				E71014121ACD0DF700DEF580 /* Main.storyboard in Resources */,
				E71014171ACD0DF700DEF580 /* LaunchScreen.xib in Resources */,
				E71014141ACD0DF700DEF580 /* Images.xcassets in Resources */,
			);
			runOnlyForDeploymentPostprocessing = 0;
		};
		E710141A1ACD0DF700DEF580 /* Resources */ = {
			isa = PBXResourcesBuildPhase;
			buildActionMask = 2147483647;
			files = (
			);
			runOnlyForDeploymentPostprocessing = 0;
		};
/* End PBXResourcesBuildPhase section */

/* Begin PBXSourcesBuildPhase section */
		E71013FF1ACD0DF700DEF580 /* Sources */ = {
			isa = PBXSourcesBuildPhase;
			buildActionMask = 2147483647;
			files = (
				E710140F1ACD0DF700DEF580 /* ViewController.m in Sources */,
				E710140C1ACD0DF700DEF580 /* AppDelegate.m in Sources */,
				E71014091ACD0DF700DEF580 /* main.m in Sources */,
			);
			runOnlyForDeploymentPostprocessing = 0;
		};
		E71014181ACD0DF700DEF580 /* Sources */ = {
			isa = PBXSourcesBuildPhase;
			buildActionMask = 2147483647;
			files = (
				E71014231ACD0DF700DEF580 /* AffineTransformTests.m in Sources */,
			);
			runOnlyForDeploymentPostprocessing = 0;
		};
/* End PBXSourcesBuildPhase section */

/* Begin PBXTargetDependency section */
		E710141E1ACD0DF700DEF580 /* PBXTargetDependency */ = {
			isa = PBXTargetDependency;
			target = E71014021ACD0DF700DEF580 /* AffineTransform */;
			targetProxy = E710141D1ACD0DF700DEF580 /* PBXContainerItemProxy */;
		};
/* End PBXTargetDependency section */

/* Begin PBXVariantGroup section */
		E71014101ACD0DF700DEF580 /* Main.storyboard */ = {
			isa = PBXVariantGroup;
			children = (
				E71014111ACD0DF700DEF580 /* Base */,
			);
			name = Main.storyboard;
			sourceTree = "<group>";
		};
		E71014151ACD0DF700DEF580 /* LaunchScreen.xib */ = {
			isa = PBXVariantGroup;
			children = (
				E71014161ACD0DF700DEF580 /* Base */,
			);
			name = LaunchScreen.xib;
			sourceTree = "<group>";
		};
/* End PBXVariantGroup section */

/* Begin XCBuildConfiguration section */
		E71014241ACD0DF700DEF580 /* Debug */ = {
			isa = XCBuildConfiguration;
			buildSettings = {
				ALWAYS_SEARCH_USER_PATHS = NO;
				CLANG_CXX_LANGUAGE_STANDARD = "gnu++0x";
				CLANG_CXX_LIBRARY = "libc++";
				CLANG_ENABLE_MODULES = YES;
				CLANG_ENABLE_OBJC_ARC = YES;
				CLANG_WARN_BOOL_CONVERSION = YES;
				CLANG_WARN_CONSTANT_CONVERSION = YES;
				CLANG_WARN_DIRECT_OBJC_ISA_USAGE = YES_ERROR;
				CLANG_WARN_EMPTY_BODY = YES;
				CLANG_WARN_ENUM_CONVERSION = YES;
				CLANG_WARN_INT_CONVERSION = YES;
				CLANG_WARN_OBJC_ROOT_CLASS = YES_ERROR;
				CLANG_WARN_UNREACHABLE_CODE = YES;
				CLANG_WARN__DUPLICATE_METHOD_MATCH = YES;
				"CODE_SIGN_IDENTITY[sdk=iphoneos*]" = "iPhone Developer";
				COPY_PHASE_STRIP = NO;
				ENABLE_STRICT_OBJC_MSGSEND = YES;
				GCC_C_LANGUAGE_STANDARD = gnu99;
				GCC_DYNAMIC_NO_PIC = NO;
				GCC_OPTIMIZATION_LEVEL = 0;
				GCC_PREPROCESSOR_DEFINITIONS = (
					"DEBUG=1",
					"$(inherited)",
				);
				GCC_SYMBOLS_PRIVATE_EXTERN = NO;
				GCC_WARN_64_TO_32_BIT_CONVERSION = YES;
				GCC_WARN_ABOUT_RETURN_TYPE = YES_ERROR;
				GCC_WARN_UNDECLARED_SELECTOR = YES;
				GCC_WARN_UNINITIALIZED_AUTOS = YES_AGGRESSIVE;
				GCC_WARN_UNUSED_FUNCTION = YES;
				GCC_WARN_UNUSED_VARIABLE = YES;
				IPHONEOS_DEPLOYMENT_TARGET = 8.2;
				MTL_ENABLE_DEBUG_INFO = YES;
				ONLY_ACTIVE_ARCH = YES;
				SDKROOT = iphoneos;
			};
			name = Debug;
		};
		E71014251ACD0DF700DEF580 /* Release */ = {
			isa = XCBuildConfiguration;
			buildSettings = {
				ALWAYS_SEARCH_USER_PATHS = NO;
				CLANG_CXX_LANGUAGE_STANDARD = "gnu++0x";
				CLANG_CXX_LIBRARY = "libc++";
				CLANG_ENABLE_MODULES = YES;
				CLANG_ENABLE_OBJC_ARC = YES;
				CLANG_WARN_BOOL_CONVERSION = YES;
				CLANG_WARN_CONSTANT_CONVERSION = YES;
				CLANG_WARN_DIRECT_OBJC_ISA_USAGE = YES_ERROR;
				CLANG_WARN_EMPTY_BODY = YES;
				CLANG_WARN_ENUM_CONVERSION = YES;
				CLANG_WARN_INT_CONVERSION = YES;
				CLANG_WARN_OBJC_ROOT_CLASS = YES_ERROR;
				CLANG_WARN_UNREACHABLE_CODE = YES;
				CLANG_WARN__DUPLICATE_METHOD_MATCH = YES;
				"CODE_SIGN_IDENTITY[sdk=iphoneos*]" = "iPhone Developer";
				COPY_PHASE_STRIP = NO;
				ENABLE_NS_ASSERTIONS = NO;
				ENABLE_STRICT_OBJC_MSGSEND = YES;
				GCC_C_LANGUAGE_STANDARD = gnu99;
				GCC_WARN_64_TO_32_BIT_CONVERSION = YES;
				GCC_WARN_ABOUT_RETURN_TYPE = YES_ERROR;
				GCC_WARN_UNDECLARED_SELECTOR = YES;
				GCC_WARN_UNINITIALIZED_AUTOS = YES_AGGRESSIVE;
				GCC_WARN_UNUSED_FUNCTION = YES;
				GCC_WARN_UNUSED_VARIABLE = YES;
				IPHONEOS_DEPLOYMENT_TARGET = 8.2;
				MTL_ENABLE_DEBUG_INFO = NO;
				SDKROOT = iphoneos;
				VALIDATE_PRODUCT = YES;
			};
			name = Release;
		};
		E71014271ACD0DF700DEF580 /* Debug */ = {
			isa = XCBuildConfiguration;
			buildSettings = {
				ASSETCATALOG_COMPILER_APPICON_NAME = AppIcon;
				INFOPLIST_FILE = AffineTransform/Info.plist;
				LD_RUNPATH_SEARCH_PATHS = "$(inherited) @executable_path/Frameworks";
				PRODUCT_NAME = "$(TARGET_NAME)";
			};
			name = Debug;
		};
		E71014281ACD0DF700DEF580 /* Release */ = {
			isa = XCBuildConfiguration;
			buildSettings = {
				ASSETCATALOG_COMPILER_APPICON_NAME = AppIcon;
				INFOPLIST_FILE = AffineTransform/Info.plist;
				LD_RUNPATH_SEARCH_PATHS = "$(inherited) @executable_path/Frameworks";
				PRODUCT_NAME = "$(TARGET_NAME)";
			};
			name = Release;
		};
		E710142A1ACD0DF700DEF580 /* Debug */ = {
			isa = XCBuildConfiguration;
			buildSettings = {
				BUNDLE_LOADER = "$(TEST_HOST)";
				FRAMEWORK_SEARCH_PATHS = (
					"$(SDKROOT)/Developer/Library/Frameworks",
					"$(inherited)",
				);
				GCC_PREPROCESSOR_DEFINITIONS = (
					"DEBUG=1",
					"$(inherited)",
				);
				INFOPLIST_FILE = AffineTransformTests/Info.plist;
				LD_RUNPATH_SEARCH_PATHS = "$(inherited) @executable_path/Frameworks @loader_path/Frameworks";
				PRODUCT_NAME = "$(TARGET_NAME)";
				TEST_HOST = "$(BUILT_PRODUCTS_DIR)/AffineTransform.app/AffineTransform";
			};
			name = Debug;
		};
		E710142B1ACD0DF700DEF580 /* Release */ = {
			isa = XCBuildConfiguration;
			buildSettings = {
				BUNDLE_LOADER = "$(TEST_HOST)";
				FRAMEWORK_SEARCH_PATHS = (
					"$(SDKROOT)/Developer/Library/Frameworks",
					"$(inherited)",
				);
				INFOPLIST_FILE = AffineTransformTests/Info.plist;
				LD_RUNPATH_SEARCH_PATHS = "$(inherited) @executable_path/Frameworks @loader_path/Frameworks";
				PRODUCT_NAME = "$(TARGET_NAME)";
				TEST_HOST = "$(BUILT_PRODUCTS_DIR)/AffineTransform.app/AffineTransform";
			};
			name = Release;
		};
/* End XCBuildConfiguration section */

/* Begin XCConfigurationList section */
		E71013FE1ACD0DF700DEF580 /* Build configuration list for PBXProject "AffineTransform" */ = {
			isa = XCConfigurationList;
			buildConfigurations = (
				E71014241ACD0DF700DEF580 /* Debug */,
				E71014251ACD0DF700DEF580 /* Release */,
			);
			defaultConfigurationIsVisible = 0;
			defaultConfigurationName = Release;
		};
		E71014261ACD0DF700DEF580 /* Build configuration list for PBXNativeTarget "AffineTransform" */ = {
			isa = XCConfigurationList;
			buildConfigurations = (
				E71014271ACD0DF700DEF580 /* Debug */,
				E71014281ACD0DF700DEF580 /* Release */,
			);
			defaultConfigurationIsVisible = 0;
		};
		E71014291ACD0DF700DEF580 /* Build configuration list for PBXNativeTarget "AffineTransformTests" */ = {
			isa = XCConfigurationList;
			buildConfigurations = (
				E710142A1ACD0DF700DEF580 /* Debug */,
				E710142B1ACD0DF700DEF580 /* Release */,
			);
			defaultConfigurationIsVisible = 0;
		};
/* End XCConfigurationList section */
	};
	rootObject = E71013FB1ACD0DF600DEF580 /* Project object */;
}
