// !$*UTF8*$!
{
	archiveVersion = 1;
	classes = {
	};
	objectVersion = 46;
	objects = {

/* Begin PBXBuildFile section */
		E7E3A19D1BF0BEC3006A9266 /* FooObj.m in Sources */ = {isa = PBXBuildFile; fileRef = E7E3A19C1BF0BEC3006A9266 /* FooObj.m */; };
/* End PBXBuildFile section */

/* Begin PBXCopyFilesBuildPhase section */
		E7E3A18F1BF0BC7E006A9266 /* CopyFiles */ = {
			isa = PBXCopyFilesBuildPhase;
			buildActionMask = 2147483647;
			dstPath = /usr/share/man/man1/;
			dstSubfolderSpec = 0;
			files = (
			);
			runOnlyForDeploymentPostprocessing = 1;
		};
/* End PBXCopyFilesBuildPhase section */

/* Begin PBXFileReference section */
		E7280F1C1BF183EB00C6E0AD /* main.h */ = {isa = PBXFileReference; fileEncoding = 4; lastKnownFileType = sourcecode.c.h; path = main.h; sourceTree = "<group>"; };
		E7E3A1911BF0BC7E006A9266 /* ClangBlock */ = {isa = PBXFileReference; explicitFileType = "compiled.mach-o.executable"; includeInIndex = 0; path = ClangBlock; sourceTree = BUILT_PRODUCTS_DIR; };
		E7E3A19B1BF0BEC3006A9266 /* FooObj.h */ = {isa = PBXFileReference; fileEncoding = 4; lastKnownFileType = sourcecode.c.h; path = FooObj.h; sourceTree = "<group>"; };
		E7E3A19C1BF0BEC3006A9266 /* FooObj.m */ = {isa = PBXFileReference; fileEncoding = 4; lastKnownFileType = sourcecode.c.objc; path = FooObj.m; sourceTree = "<group>"; };
/* End PBXFileReference section */

/* Begin PBXFrameworksBuildPhase section */
		E7E3A18E1BF0BC7E006A9266 /* Frameworks */ = {
			isa = PBXFrameworksBuildPhase;
			buildActionMask = 2147483647;
			files = (
			);
			runOnlyForDeploymentPostprocessing = 0;
		};
/* End PBXFrameworksBuildPhase section */

/* Begin PBXGroup section */
		E7E3A1881BF0BC7E006A9266 = {
			isa = PBXGroup;
			children = (
				E7E3A1931BF0BC7E006A9266 /* ClangBlock */,
				E7E3A1921BF0BC7E006A9266 /* Products */,
			);
			sourceTree = "<group>";
		};
		E7E3A1921BF0BC7E006A9266 /* Products */ = {
			isa = PBXGroup;
			children = (
				E7E3A1911BF0BC7E006A9266 /* ClangBlock */,
			);
			name = Products;
			sourceTree = "<group>";
		};
		E7E3A1931BF0BC7E006A9266 /* ClangBlock */ = {
			isa = PBXGroup;
			children = (
				E7E3A19B1BF0BEC3006A9266 /* FooObj.h */,
				E7E3A19C1BF0BEC3006A9266 /* FooObj.m */,
				E7280F1C1BF183EB00C6E0AD /* main.h */,
			);
			path = ClangBlock;
			sourceTree = "<group>";
		};
/* End PBXGroup section */

/* Begin PBXNativeTarget section */
		E7E3A1901BF0BC7E006A9266 /* ClangBlock */ = {
			isa = PBXNativeTarget;
			buildConfigurationList = E7E3A1981BF0BC7E006A9266 /* Build configuration list for PBXNativeTarget "ClangBlock" */;
			buildPhases = (
				E7E3A18D1BF0BC7E006A9266 /* Sources */,
				E7E3A18E1BF0BC7E006A9266 /* Frameworks */,
				E7E3A18F1BF0BC7E006A9266 /* CopyFiles */,
			);
			buildRules = (
			);
			dependencies = (
			);
			name = ClangBlock;
			productName = ClangBlock;
			productReference = E7E3A1911BF0BC7E006A9266 /* ClangBlock */;
			productType = "com.apple.product-type.tool";
		};
/* End PBXNativeTarget section */

/* Begin PBXProject section */
		E7E3A1891BF0BC7E006A9266 /* Project object */ = {
			isa = PBXProject;
			attributes = {
				LastUpgradeCheck = 0710;
				ORGANIZATIONNAME = "王钱钧";
				TargetAttributes = {
					E7E3A1901BF0BC7E006A9266 = {
						CreatedOnToolsVersion = 7.1;
					};
				};
			};
			buildConfigurationList = E7E3A18C1BF0BC7E006A9266 /* Build configuration list for PBXProject "ClangBlock" */;
			compatibilityVersion = "Xcode 3.2";
			developmentRegion = English;
			hasScannedForEncodings = 0;
			knownRegions = (
				en,
			);
			mainGroup = E7E3A1881BF0BC7E006A9266;
			productRefGroup = E7E3A1921BF0BC7E006A9266 /* Products */;
			projectDirPath = "";
			projectRoot = "";
			targets = (
				E7E3A1901BF0BC7E006A9266 /* ClangBlock */,
			);
		};
/* End PBXProject section */

/* Begin PBXSourcesBuildPhase section */
		E7E3A18D1BF0BC7E006A9266 /* Sources */ = {
			isa = PBXSourcesBuildPhase;
			buildActionMask = 2147483647;
			files = (
				E7E3A19D1BF0BEC3006A9266 /* FooObj.m in Sources */,
			);
			runOnlyForDeploymentPostprocessing = 0;
		};
/* End PBXSourcesBuildPhase section */

/* Begin XCBuildConfiguration section */
		E7E3A1961BF0BC7E006A9266 /* Debug */ = {
			isa = XCBuildConfiguration;
			buildSettings = {
				ALWAYS_SEARCH_USER_PATHS = NO;
				CLANG_CXX_LANGUAGE_STANDARD = "gnu++0x";
				CLANG_CXX_LIBRARY = "libc++";
				CLANG_ENABLE_MODULES = YES;
				CLANG_ENABLE_OBJC_ARC = YES;
				CLANG_WARN_BOOL_CONVERSION = YES;
				CLANG_WARN_CONSTANT_CONVERSION = YES;
				CLANG_WARN_DIRECT_OBJC_ISA_USAGE = YES_ERROR;
				CLANG_WARN_EMPTY_BODY = YES;
				CLANG_WARN_ENUM_CONVERSION = YES;
				CLANG_WARN_INT_CONVERSION = YES;
				CLANG_WARN_OBJC_ROOT_CLASS = YES_ERROR;
				CLANG_WARN_UNREACHABLE_CODE = YES;
				CLANG_WARN__DUPLICATE_METHOD_MATCH = YES;
				CODE_SIGN_IDENTITY = "-";
				COPY_PHASE_STRIP = NO;
				DEBUG_INFORMATION_FORMAT = dwarf;
				ENABLE_STRICT_OBJC_MSGSEND = YES;
				ENABLE_TESTABILITY = YES;
				GCC_C_LANGUAGE_STANDARD = gnu99;
				GCC_DYNAMIC_NO_PIC = NO;
				GCC_NO_COMMON_BLOCKS = YES;
				GCC_OPTIMIZATION_LEVEL = 0;
				GCC_PREPROCESSOR_DEFINITIONS = (
					"DEBUG=1",
					"$(inherited)",
				);
				GCC_WARN_64_TO_32_BIT_CONVERSION = YES;
				GCC_WARN_ABOUT_RETURN_TYPE = YES_ERROR;
				GCC_WARN_UNDECLARED_SELECTOR = YES;
				GCC_WARN_UNINITIALIZED_AUTOS = YES_AGGRESSIVE;
				GCC_WARN_UNUSED_FUNCTION = YES;
				GCC_WARN_UNUSED_VARIABLE = YES;
				MACOSX_DEPLOYMENT_TARGET = 10.10;
				MTL_ENABLE_DEBUG_INFO = YES;
				ONLY_ACTIVE_ARCH = YES;
				SDKROOT = macosx;
			};
			name = Debug;
		};
		E7E3A1971BF0BC7E006A9266 /* Release */ = {
			isa = XCBuildConfiguration;
			buildSettings = {
				ALWAYS_SEARCH_USER_PATHS = NO;
				CLANG_CXX_LANGUAGE_STANDARD = "gnu++0x";
				CLANG_CXX_LIBRARY = "libc++";
				CLANG_ENABLE_MODULES = YES;
				CLANG_ENABLE_OBJC_ARC = YES;
				CLANG_WARN_BOOL_CONVERSION = YES;
				CLANG_WARN_CONSTANT_CONVERSION = YES;
				CLANG_WARN_DIRECT_OBJC_ISA_USAGE = YES_ERROR;
				CLANG_WARN_EMPTY_BODY = YES;
				CLANG_WARN_ENUM_CONVERSION = YES;
				CLANG_WARN_INT_CONVERSION = YES;
				CLANG_WARN_OBJC_ROOT_CLASS = YES_ERROR;
				CLANG_WARN_UNREACHABLE_CODE = YES;
				CLANG_WARN__DUPLICATE_METHOD_MATCH = YES;
				CODE_SIGN_IDENTITY = "-";
				COPY_PHASE_STRIP = NO;
				DEBUG_INFORMATION_FORMAT = "dwarf-with-dsym";
				ENABLE_NS_ASSERTIONS = NO;
				ENABLE_STRICT_OBJC_MSGSEND = YES;
				GCC_C_LANGUAGE_STANDARD = gnu99;
				GCC_NO_COMMON_BLOCKS = YES;
				GCC_WARN_64_TO_32_BIT_CONVERSION = YES;
				GCC_WARN_ABOUT_RETURN_TYPE = YES_ERROR;
				GCC_WARN_UNDECLARED_SELECTOR = YES;
				GCC_WARN_UNINITIALIZED_AUTOS = YES_AGGRESSIVE;
				GCC_WARN_UNUSED_FUNCTION = YES;
				GCC_WARN_UNUSED_VARIABLE = YES;
				MACOSX_DEPLOYMENT_TARGET = 10.10;
				MTL_ENABLE_DEBUG_INFO = NO;
				SDKROOT = macosx;
			};
			name = Release;
		};
		E7E3A1991BF0BC7E006A9266 /* Debug */ = {
			isa = XCBuildConfiguration;
			buildSettings = {
				PRODUCT_NAME = "$(TARGET_NAME)";
			};
			name = Debug;
		};
		E7E3A19A1BF0BC7E006A9266 /* Release */ = {
			isa = XCBuildConfiguration;
			buildSettings = {
				PRODUCT_NAME = "$(TARGET_NAME)";
			};
			name = Release;
		};
/* End XCBuildConfiguration section */

/* Begin XCConfigurationList section */
		E7E3A18C1BF0BC7E006A9266 /* Build configuration list for PBXProject "ClangBlock" */ = {
			isa = XCConfigurationList;
			buildConfigurations = (
				E7E3A1961BF0BC7E006A9266 /* Debug */,
				E7E3A1971BF0BC7E006A9266 /* Release */,
			);
			defaultConfigurationIsVisible = 0;
			defaultConfigurationName = Release;
		};
		E7E3A1981BF0BC7E006A9266 /* Build configuration list for PBXNativeTarget "ClangBlock" */ = {
			isa = XCConfigurationList;
			buildConfigurations = (
				E7E3A1991BF0BC7E006A9266 /* Debug */,
				E7E3A19A1BF0BC7E006A9266 /* Release */,
			);
			defaultConfigurationIsVisible = 0;
			defaultConfigurationName = Release;
		};
/* End XCConfigurationList section */
	};
	rootObject = E7E3A1891BF0BC7E006A9266 /* Project object */;
}
