// !$*UTF8*$!
{
	archiveVersion = 1;
	classes = {
	};
	objectVersion = 46;
	objects = {

/* Begin PBXBuildFile section */
		E76E89EC1A5239F10011695C /* main.m in Sources */ = {isa = PBXBuildFile; fileRef = E76E89EB1A5239F10011695C /* main.m */; };
		E76E89EF1A5239F10011695C /* AppDelegate.m in Sources */ = {isa = PBXBuildFile; fileRef = E76E89EE1A5239F10011695C /* AppDelegate.m */; };
		E76E89F21A5239F10011695C /* ViewController.m in Sources */ = {isa = PBXBuildFile; fileRef = E76E89F11A5239F10011695C /* ViewController.m */; };
		E76E89F51A5239F10011695C /* Main.storyboard in Resources */ = {isa = PBXBuildFile; fileRef = E76E89F31A5239F10011695C /* Main.storyboard */; };
		E76E89F71A5239F10011695C /* Images.xcassets in Resources */ = {isa = PBXBuildFile; fileRef = E76E89F61A5239F10011695C /* Images.xcassets */; };
		E76E89FA1A5239F10011695C /* LaunchScreen.xib in Resources */ = {isa = PBXBuildFile; fileRef = E76E89F81A5239F10011695C /* LaunchScreen.xib */; };
		E76E8A061A5239F10011695C /* ProgrammaticallyAutoLayoutTests.m in Sources */ = {isa = PBXBuildFile; fileRef = E76E8A051A5239F10011695C /* ProgrammaticallyAutoLayoutTests.m */; };
/* End PBXBuildFile section */

/* Begin PBXContainerItemProxy section */
		E76E8A001A5239F10011695C /* PBXContainerItemProxy */ = {
			isa = PBXContainerItemProxy;
			containerPortal = E76E89DE1A5239F10011695C /* Project object */;
			proxyType = 1;
			remoteGlobalIDString = E76E89E51A5239F10011695C;
			remoteInfo = ProgrammaticallyAutoLayout;
		};
/* End PBXContainerItemProxy section */

/* Begin PBXFileReference section */
		E76E89E61A5239F10011695C /* ProgrammaticallyAutoLayout.app */ = {isa = PBXFileReference; explicitFileType = wrapper.application; includeInIndex = 0; path = ProgrammaticallyAutoLayout.app; sourceTree = BUILT_PRODUCTS_DIR; };
		E76E89EA1A5239F10011695C /* Info.plist */ = {isa = PBXFileReference; lastKnownFileType = text.plist.xml; path = Info.plist; sourceTree = "<group>"; };
		E76E89EB1A5239F10011695C /* main.m */ = {isa = PBXFileReference; lastKnownFileType = sourcecode.c.objc; path = main.m; sourceTree = "<group>"; };
		E76E89ED1A5239F10011695C /* AppDelegate.h */ = {isa = PBXFileReference; lastKnownFileType = sourcecode.c.h; path = AppDelegate.h; sourceTree = "<group>"; };
		E76E89EE1A5239F10011695C /* AppDelegate.m */ = {isa = PBXFileReference; lastKnownFileType = sourcecode.c.objc; path = AppDelegate.m; sourceTree = "<group>"; };
		E76E89F01A5239F10011695C /* ViewController.h */ = {isa = PBXFileReference; lastKnownFileType = sourcecode.c.h; path = ViewController.h; sourceTree = "<group>"; };
		E76E89F11A5239F10011695C /* ViewController.m */ = {isa = PBXFileReference; lastKnownFileType = sourcecode.c.objc; path = ViewController.m; sourceTree = "<group>"; };
		E76E89F41A5239F10011695C /* Base */ = {isa = PBXFileReference; lastKnownFileType = file.storyboard; name = Base; path = Base.lproj/Main.storyboard; sourceTree = "<group>"; };
		E76E89F61A5239F10011695C /* Images.xcassets */ = {isa = PBXFileReference; lastKnownFileType = folder.assetcatalog; path = Images.xcassets; sourceTree = "<group>"; };
		E76E89F91A5239F10011695C /* Base */ = {isa = PBXFileReference; lastKnownFileType = file.xib; name = Base; path = Base.lproj/LaunchScreen.xib; sourceTree = "<group>"; };
		E76E89FF1A5239F10011695C /* ProgrammaticallyAutoLayoutTests.xctest */ = {isa = PBXFileReference; explicitFileType = wrapper.cfbundle; includeInIndex = 0; path = ProgrammaticallyAutoLayoutTests.xctest; sourceTree = BUILT_PRODUCTS_DIR; };
		E76E8A041A5239F10011695C /* Info.plist */ = {isa = PBXFileReference; lastKnownFileType = text.plist.xml; path = Info.plist; sourceTree = "<group>"; };
		E76E8A051A5239F10011695C /* ProgrammaticallyAutoLayoutTests.m */ = {isa = PBXFileReference; lastKnownFileType = sourcecode.c.objc; path = ProgrammaticallyAutoLayoutTests.m; sourceTree = "<group>"; };
/* End PBXFileReference section */

/* Begin PBXFrameworksBuildPhase section */
		E76E89E31A5239F10011695C /* Frameworks */ = {
			isa = PBXFrameworksBuildPhase;
			buildActionMask = 2147483647;
			files = (
			);
			runOnlyForDeploymentPostprocessing = 0;
		};
		E76E89FC1A5239F10011695C /* Frameworks */ = {
			isa = PBXFrameworksBuildPhase;
			buildActionMask = 2147483647;
			files = (
			);
			runOnlyForDeploymentPostprocessing = 0;
		};
/* End PBXFrameworksBuildPhase section */

/* Begin PBXGroup section */
		E76E89DD1A5239F10011695C = {
			isa = PBXGroup;
			children = (
				E76E89E81A5239F10011695C /* ProgrammaticallyAutoLayout */,
				E76E8A021A5239F10011695C /* ProgrammaticallyAutoLayoutTests */,
				E76E89E71A5239F10011695C /* Products */,
			);
			sourceTree = "<group>";
		};
		E76E89E71A5239F10011695C /* Products */ = {
			isa = PBXGroup;
			children = (
				E76E89E61A5239F10011695C /* ProgrammaticallyAutoLayout.app */,
				E76E89FF1A5239F10011695C /* ProgrammaticallyAutoLayoutTests.xctest */,
			);
			name = Products;
			sourceTree = "<group>";
		};
		E76E89E81A5239F10011695C /* ProgrammaticallyAutoLayout */ = {
			isa = PBXGroup;
			children = (
				E76E89ED1A5239F10011695C /* AppDelegate.h */,
				E76E89EE1A5239F10011695C /* AppDelegate.m */,
				E76E89F01A5239F10011695C /* ViewController.h */,
				E76E89F11A5239F10011695C /* ViewController.m */,
				E76E89F31A5239F10011695C /* Main.storyboard */,
				E76E89F61A5239F10011695C /* Images.xcassets */,
				E76E89F81A5239F10011695C /* LaunchScreen.xib */,
				E76E89E91A5239F10011695C /* Supporting Files */,
			);
			path = ProgrammaticallyAutoLayout;
			sourceTree = "<group>";
		};
		E76E89E91A5239F10011695C /* Supporting Files */ = {
			isa = PBXGroup;
			children = (
				E76E89EA1A5239F10011695C /* Info.plist */,
				E76E89EB1A5239F10011695C /* main.m */,
			);
			name = "Supporting Files";
			sourceTree = "<group>";
		};
		E76E8A021A5239F10011695C /* ProgrammaticallyAutoLayoutTests */ = {
			isa = PBXGroup;
			children = (
				E76E8A051A5239F10011695C /* ProgrammaticallyAutoLayoutTests.m */,
				E76E8A031A5239F10011695C /* Supporting Files */,
			);
			path = ProgrammaticallyAutoLayoutTests;
			sourceTree = "<group>";
		};
		E76E8A031A5239F10011695C /* Supporting Files */ = {
			isa = PBXGroup;
			children = (
				E76E8A041A5239F10011695C /* Info.plist */,
			);
			name = "Supporting Files";
			sourceTree = "<group>";
		};
/* End PBXGroup section */

/* Begin PBXNativeTarget section */
		E76E89E51A5239F10011695C /* ProgrammaticallyAutoLayout */ = {
			isa = PBXNativeTarget;
			buildConfigurationList = E76E8A091A5239F10011695C /* Build configuration list for PBXNativeTarget "ProgrammaticallyAutoLayout" */;
			buildPhases = (
				E76E89E21A5239F10011695C /* Sources */,
				E76E89E31A5239F10011695C /* Frameworks */,
				E76E89E41A5239F10011695C /* Resources */,
			);
			buildRules = (
			);
			dependencies = (
			);
			name = ProgrammaticallyAutoLayout;
			productName = ProgrammaticallyAutoLayout;
			productReference = E76E89E61A5239F10011695C /* ProgrammaticallyAutoLayout.app */;
			productType = "com.apple.product-type.application";
		};
		E76E89FE1A5239F10011695C /* ProgrammaticallyAutoLayoutTests */ = {
			isa = PBXNativeTarget;
			buildConfigurationList = E76E8A0C1A5239F10011695C /* Build configuration list for PBXNativeTarget "ProgrammaticallyAutoLayoutTests" */;
			buildPhases = (
				E76E89FB1A5239F10011695C /* Sources */,
				E76E89FC1A5239F10011695C /* Frameworks */,
				E76E89FD1A5239F10011695C /* Resources */,
			);
			buildRules = (
			);
			dependencies = (
				E76E8A011A5239F10011695C /* PBXTargetDependency */,
			);
			name = ProgrammaticallyAutoLayoutTests;
			productName = ProgrammaticallyAutoLayoutTests;
			productReference = E76E89FF1A5239F10011695C /* ProgrammaticallyAutoLayoutTests.xctest */;
			productType = "com.apple.product-type.bundle.unit-test";
		};
/* End PBXNativeTarget section */

/* Begin PBXProject section */
		E76E89DE1A5239F10011695C /* Project object */ = {
			isa = PBXProject;
			attributes = {
				LastUpgradeCheck = 0610;
				ORGANIZATIONNAME = "王钱钧";
				TargetAttributes = {
					E76E89E51A5239F10011695C = {
						CreatedOnToolsVersion = 6.1;
					};
					E76E89FE1A5239F10011695C = {
						CreatedOnToolsVersion = 6.1;
						TestTargetID = E76E89E51A5239F10011695C;
					};
				};
			};
			buildConfigurationList = E76E89E11A5239F10011695C /* Build configuration list for PBXProject "ProgrammaticallyAutoLayout" */;
			compatibilityVersion = "Xcode 3.2";
			developmentRegion = English;
			hasScannedForEncodings = 0;
			knownRegions = (
				en,
				Base,
			);
			mainGroup = E76E89DD1A5239F10011695C;
			productRefGroup = E76E89E71A5239F10011695C /* Products */;
			projectDirPath = "";
			projectRoot = "";
			targets = (
				E76E89E51A5239F10011695C /* ProgrammaticallyAutoLayout */,
				E76E89FE1A5239F10011695C /* ProgrammaticallyAutoLayoutTests */,
			);
		};
/* End PBXProject section */

/* Begin PBXResourcesBuildPhase section */
		E76E89E41A5239F10011695C /* Resources */ = {
			isa = PBXResourcesBuildPhase;
			buildActionMask = 2147483647;
			files = (
				E76E89F51A5239F10011695C /* Main.storyboard in Resources */,
				E76E89FA1A5239F10011695C /* LaunchScreen.xib in Resources */,
				E76E89F71A5239F10011695C /* Images.xcassets in Resources */,
			);
			runOnlyForDeploymentPostprocessing = 0;
		};
		E76E89FD1A5239F10011695C /* Resources */ = {
			isa = PBXResourcesBuildPhase;
			buildActionMask = 2147483647;
			files = (
			);
			runOnlyForDeploymentPostprocessing = 0;
		};
/* End PBXResourcesBuildPhase section */

/* Begin PBXSourcesBuildPhase section */
		E76E89E21A5239F10011695C /* Sources */ = {
			isa = PBXSourcesBuildPhase;
			buildActionMask = 2147483647;
			files = (
				E76E89F21A5239F10011695C /* ViewController.m in Sources */,
				E76E89EF1A5239F10011695C /* AppDelegate.m in Sources */,
				E76E89EC1A5239F10011695C /* main.m in Sources */,
			);
			runOnlyForDeploymentPostprocessing = 0;
		};
		E76E89FB1A5239F10011695C /* Sources */ = {
			isa = PBXSourcesBuildPhase;
			buildActionMask = 2147483647;
			files = (
				E76E8A061A5239F10011695C /* ProgrammaticallyAutoLayoutTests.m in Sources */,
			);
			runOnlyForDeploymentPostprocessing = 0;
		};
/* End PBXSourcesBuildPhase section */

/* Begin PBXTargetDependency section */
		E76E8A011A5239F10011695C /* PBXTargetDependency */ = {
			isa = PBXTargetDependency;
			target = E76E89E51A5239F10011695C /* ProgrammaticallyAutoLayout */;
			targetProxy = E76E8A001A5239F10011695C /* PBXContainerItemProxy */;
		};
/* End PBXTargetDependency section */

/* Begin PBXVariantGroup section */
		E76E89F31A5239F10011695C /* Main.storyboard */ = {
			isa = PBXVariantGroup;
			children = (
				E76E89F41A5239F10011695C /* Base */,
			);
			name = Main.storyboard;
			sourceTree = "<group>";
		};
		E76E89F81A5239F10011695C /* LaunchScreen.xib */ = {
			isa = PBXVariantGroup;
			children = (
				E76E89F91A5239F10011695C /* Base */,
			);
			name = LaunchScreen.xib;
			sourceTree = "<group>";
		};
/* End PBXVariantGroup section */

/* Begin XCBuildConfiguration section */
		E76E8A071A5239F10011695C /* Debug */ = {
			isa = XCBuildConfiguration;
			buildSettings = {
				ALWAYS_SEARCH_USER_PATHS = NO;
				CLANG_CXX_LANGUAGE_STANDARD = "gnu++0x";
				CLANG_CXX_LIBRARY = "libc++";
				CLANG_ENABLE_MODULES = YES;
				CLANG_ENABLE_OBJC_ARC = YES;
				CLANG_WARN_BOOL_CONVERSION = YES;
				CLANG_WARN_CONSTANT_CONVERSION = YES;
				CLANG_WARN_DIRECT_OBJC_ISA_USAGE = YES_ERROR;
				CLANG_WARN_EMPTY_BODY = YES;
				CLANG_WARN_ENUM_CONVERSION = YES;
				CLANG_WARN_INT_CONVERSION = YES;
				CLANG_WARN_OBJC_ROOT_CLASS = YES_ERROR;
				CLANG_WARN_UNREACHABLE_CODE = YES;
				CLANG_WARN__DUPLICATE_METHOD_MATCH = YES;
				"CODE_SIGN_IDENTITY[sdk=iphoneos*]" = "iPhone Developer";
				COPY_PHASE_STRIP = NO;
				ENABLE_STRICT_OBJC_MSGSEND = YES;
				GCC_C_LANGUAGE_STANDARD = gnu99;
				GCC_DYNAMIC_NO_PIC = NO;
				GCC_OPTIMIZATION_LEVEL = 0;
				GCC_PREPROCESSOR_DEFINITIONS = (
					"DEBUG=1",
					"$(inherited)",
				);
				GCC_SYMBOLS_PRIVATE_EXTERN = NO;
				GCC_WARN_64_TO_32_BIT_CONVERSION = YES;
				GCC_WARN_ABOUT_RETURN_TYPE = YES_ERROR;
				GCC_WARN_UNDECLARED_SELECTOR = YES;
				GCC_WARN_UNINITIALIZED_AUTOS = YES_AGGRESSIVE;
				GCC_WARN_UNUSED_FUNCTION = YES;
				GCC_WARN_UNUSED_VARIABLE = YES;
				IPHONEOS_DEPLOYMENT_TARGET = 8.1;
				MTL_ENABLE_DEBUG_INFO = YES;
				ONLY_ACTIVE_ARCH = YES;
				SDKROOT = iphoneos;
			};
			name = Debug;
		};
		E76E8A081A5239F10011695C /* Release */ = {
			isa = XCBuildConfiguration;
			buildSettings = {
				ALWAYS_SEARCH_USER_PATHS = NO;
				CLANG_CXX_LANGUAGE_STANDARD = "gnu++0x";
				CLANG_CXX_LIBRARY = "libc++";
				CLANG_ENABLE_MODULES = YES;
				CLANG_ENABLE_OBJC_ARC = YES;
				CLANG_WARN_BOOL_CONVERSION = YES;
				CLANG_WARN_CONSTANT_CONVERSION = YES;
				CLANG_WARN_DIRECT_OBJC_ISA_USAGE = YES_ERROR;
				CLANG_WARN_EMPTY_BODY = YES;
				CLANG_WARN_ENUM_CONVERSION = YES;
				CLANG_WARN_INT_CONVERSION = YES;
				CLANG_WARN_OBJC_ROOT_CLASS = YES_ERROR;
				CLANG_WARN_UNREACHABLE_CODE = YES;
				CLANG_WARN__DUPLICATE_METHOD_MATCH = YES;
				"CODE_SIGN_IDENTITY[sdk=iphoneos*]" = "iPhone Developer";
				COPY_PHASE_STRIP = YES;
				ENABLE_NS_ASSERTIONS = NO;
				ENABLE_STRICT_OBJC_MSGSEND = YES;
				GCC_C_LANGUAGE_STANDARD = gnu99;
				GCC_WARN_64_TO_32_BIT_CONVERSION = YES;
				GCC_WARN_ABOUT_RETURN_TYPE = YES_ERROR;
				GCC_WARN_UNDECLARED_SELECTOR = YES;
				GCC_WARN_UNINITIALIZED_AUTOS = YES_AGGRESSIVE;
				GCC_WARN_UNUSED_FUNCTION = YES;
				GCC_WARN_UNUSED_VARIABLE = YES;
				IPHONEOS_DEPLOYMENT_TARGET = 8.1;
				MTL_ENABLE_DEBUG_INFO = NO;
				SDKROOT = iphoneos;
				VALIDATE_PRODUCT = YES;
			};
			name = Release;
		};
		E76E8A0A1A5239F10011695C /* Debug */ = {
			isa = XCBuildConfiguration;
			buildSettings = {
				ASSETCATALOG_COMPILER_APPICON_NAME = AppIcon;
				INFOPLIST_FILE = ProgrammaticallyAutoLayout/Info.plist;
				LD_RUNPATH_SEARCH_PATHS = "$(inherited) @executable_path/Frameworks";
				PRODUCT_NAME = "$(TARGET_NAME)";
			};
			name = Debug;
		};
		E76E8A0B1A5239F10011695C /* Release */ = {
			isa = XCBuildConfiguration;
			buildSettings = {
				ASSETCATALOG_COMPILER_APPICON_NAME = AppIcon;
				INFOPLIST_FILE = ProgrammaticallyAutoLayout/Info.plist;
				LD_RUNPATH_SEARCH_PATHS = "$(inherited) @executable_path/Frameworks";
				PRODUCT_NAME = "$(TARGET_NAME)";
			};
			name = Release;
		};
		E76E8A0D1A5239F10011695C /* Debug */ = {
			isa = XCBuildConfiguration;
			buildSettings = {
				BUNDLE_LOADER = "$(TEST_HOST)";
				FRAMEWORK_SEARCH_PATHS = (
					"$(SDKROOT)/Developer/Library/Frameworks",
					"$(inherited)",
				);
				GCC_PREPROCESSOR_DEFINITIONS = (
					"DEBUG=1",
					"$(inherited)",
				);
				INFOPLIST_FILE = ProgrammaticallyAutoLayoutTests/Info.plist;
				LD_RUNPATH_SEARCH_PATHS = "$(inherited) @executable_path/Frameworks @loader_path/Frameworks";
				PRODUCT_NAME = "$(TARGET_NAME)";
				TEST_HOST = "$(BUILT_PRODUCTS_DIR)/ProgrammaticallyAutoLayout.app/ProgrammaticallyAutoLayout";
			};
			name = Debug;
		};
		E76E8A0E1A5239F10011695C /* Release */ = {
			isa = XCBuildConfiguration;
			buildSettings = {
				BUNDLE_LOADER = "$(TEST_HOST)";
				FRAMEWORK_SEARCH_PATHS = (
					"$(SDKROOT)/Developer/Library/Frameworks",
					"$(inherited)",
				);
				INFOPLIST_FILE = ProgrammaticallyAutoLayoutTests/Info.plist;
				LD_RUNPATH_SEARCH_PATHS = "$(inherited) @executable_path/Frameworks @loader_path/Frameworks";
				PRODUCT_NAME = "$(TARGET_NAME)";
				TEST_HOST = "$(BUILT_PRODUCTS_DIR)/ProgrammaticallyAutoLayout.app/ProgrammaticallyAutoLayout";
			};
			name = Release;
		};
/* End XCBuildConfiguration section */

/* Begin XCConfigurationList section */
		E76E89E11A5239F10011695C /* Build configuration list for PBXProject "ProgrammaticallyAutoLayout" */ = {
			isa = XCConfigurationList;
			buildConfigurations = (
				E76E8A071A5239F10011695C /* Debug */,
				E76E8A081A5239F10011695C /* Release */,
			);
			defaultConfigurationIsVisible = 0;
			defaultConfigurationName = Release;
		};
		E76E8A091A5239F10011695C /* Build configuration list for PBXNativeTarget "ProgrammaticallyAutoLayout" */ = {
			isa = XCConfigurationList;
			buildConfigurations = (
				E76E8A0A1A5239F10011695C /* Debug */,
				E76E8A0B1A5239F10011695C /* Release */,
			);
			defaultConfigurationIsVisible = 0;
		};
		E76E8A0C1A5239F10011695C /* Build configuration list for PBXNativeTarget "ProgrammaticallyAutoLayoutTests" */ = {
			isa = XCConfigurationList;
			buildConfigurations = (
				E76E8A0D1A5239F10011695C /* Debug */,
				E76E8A0E1A5239F10011695C /* Release */,
			);
			defaultConfigurationIsVisible = 0;
		};
/* End XCConfigurationList section */
	};
	rootObject = E76E89DE1A5239F10011695C /* Project object */;
}
