// !$*UTF8*$!
{
	archiveVersion = 1;
	classes = {
	};
	objectVersion = 46;
	objects = {

/* Begin PBXBuildFile section */
		E7DEEF8A1A5E77C600FB1AC3 /* main.m in Sources */ = {isa = PBXBuildFile; fileRef = E7DEEF891A5E77C600FB1AC3 /* main.m */; };
		E7DEEF8D1A5E77C600FB1AC3 /* AppDelegate.m in Sources */ = {isa = PBXBuildFile; fileRef = E7DEEF8C1A5E77C600FB1AC3 /* AppDelegate.m */; };
		E7DEEF901A5E77C600FB1AC3 /* ViewController.m in Sources */ = {isa = PBXBuildFile; fileRef = E7DEEF8F1A5E77C600FB1AC3 /* ViewController.m */; };
		E7DEEF931A5E77C600FB1AC3 /* Main.storyboard in Resources */ = {isa = PBXBuildFile; fileRef = E7DEEF911A5E77C600FB1AC3 /* Main.storyboard */; };
		E7DEEF951A5E77C600FB1AC3 /* Images.xcassets in Resources */ = {isa = PBXBuildFile; fileRef = E7DEEF941A5E77C600FB1AC3 /* Images.xcassets */; };
		E7DEEF981A5E77C600FB1AC3 /* LaunchScreen.xib in Resources */ = {isa = PBXBuildFile; fileRef = E7DEEF961A5E77C600FB1AC3 /* LaunchScreen.xib */; };
		E7DEEFA41A5E77C700FB1AC3 /* NSRegularExpressionTests.m in Sources */ = {isa = PBXBuildFile; fileRef = E7DEEFA31A5E77C700FB1AC3 /* NSRegularExpressionTests.m */; };
		E7DEEFB01A5E84E400FB1AC3 /* RegExCategories.m in Sources */ = {isa = PBXBuildFile; fileRef = E7DEEFAF1A5E84E400FB1AC3 /* RegExCategories.m */; };
/* End PBXBuildFile section */

/* Begin PBXContainerItemProxy section */
		E7DEEF9E1A5E77C700FB1AC3 /* PBXContainerItemProxy */ = {
			isa = PBXContainerItemProxy;
			containerPortal = E7DEEF7C1A5E77C500FB1AC3 /* Project object */;
			proxyType = 1;
			remoteGlobalIDString = E7DEEF831A5E77C600FB1AC3;
			remoteInfo = NSRegularExpression;
		};
/* End PBXContainerItemProxy section */

/* Begin PBXFileReference section */
		E7DEEF841A5E77C600FB1AC3 /* NSRegularExpression.app */ = {isa = PBXFileReference; explicitFileType = wrapper.application; includeInIndex = 0; path = NSRegularExpression.app; sourceTree = BUILT_PRODUCTS_DIR; };
		E7DEEF881A5E77C600FB1AC3 /* Info.plist */ = {isa = PBXFileReference; lastKnownFileType = text.plist.xml; path = Info.plist; sourceTree = "<group>"; };
		E7DEEF891A5E77C600FB1AC3 /* main.m */ = {isa = PBXFileReference; lastKnownFileType = sourcecode.c.objc; path = main.m; sourceTree = "<group>"; };
		E7DEEF8B1A5E77C600FB1AC3 /* AppDelegate.h */ = {isa = PBXFileReference; lastKnownFileType = sourcecode.c.h; path = AppDelegate.h; sourceTree = "<group>"; };
		E7DEEF8C1A5E77C600FB1AC3 /* AppDelegate.m */ = {isa = PBXFileReference; lastKnownFileType = sourcecode.c.objc; path = AppDelegate.m; sourceTree = "<group>"; };
		E7DEEF8E1A5E77C600FB1AC3 /* ViewController.h */ = {isa = PBXFileReference; lastKnownFileType = sourcecode.c.h; path = ViewController.h; sourceTree = "<group>"; };
		E7DEEF8F1A5E77C600FB1AC3 /* ViewController.m */ = {isa = PBXFileReference; lastKnownFileType = sourcecode.c.objc; path = ViewController.m; sourceTree = "<group>"; };
		E7DEEF921A5E77C600FB1AC3 /* Base */ = {isa = PBXFileReference; lastKnownFileType = file.storyboard; name = Base; path = Base.lproj/Main.storyboard; sourceTree = "<group>"; };
		E7DEEF941A5E77C600FB1AC3 /* Images.xcassets */ = {isa = PBXFileReference; lastKnownFileType = folder.assetcatalog; path = Images.xcassets; sourceTree = "<group>"; };
		E7DEEF971A5E77C600FB1AC3 /* Base */ = {isa = PBXFileReference; lastKnownFileType = file.xib; name = Base; path = Base.lproj/LaunchScreen.xib; sourceTree = "<group>"; };
		E7DEEF9D1A5E77C700FB1AC3 /* NSRegularExpressionTests.xctest */ = {isa = PBXFileReference; explicitFileType = wrapper.cfbundle; includeInIndex = 0; path = NSRegularExpressionTests.xctest; sourceTree = BUILT_PRODUCTS_DIR; };
		E7DEEFA21A5E77C700FB1AC3 /* Info.plist */ = {isa = PBXFileReference; lastKnownFileType = text.plist.xml; path = Info.plist; sourceTree = "<group>"; };
		E7DEEFA31A5E77C700FB1AC3 /* NSRegularExpressionTests.m */ = {isa = PBXFileReference; lastKnownFileType = sourcecode.c.objc; path = NSRegularExpressionTests.m; sourceTree = "<group>"; };
		E7DEEFAE1A5E84E400FB1AC3 /* RegExCategories.h */ = {isa = PBXFileReference; fileEncoding = 4; lastKnownFileType = sourcecode.c.h; path = RegExCategories.h; sourceTree = "<group>"; };
		E7DEEFAF1A5E84E400FB1AC3 /* RegExCategories.m */ = {isa = PBXFileReference; fileEncoding = 4; lastKnownFileType = sourcecode.c.objc; path = RegExCategories.m; sourceTree = "<group>"; };
/* End PBXFileReference section */

/* Begin PBXFrameworksBuildPhase section */
		E7DEEF811A5E77C600FB1AC3 /* Frameworks */ = {
			isa = PBXFrameworksBuildPhase;
			buildActionMask = 2147483647;
			files = (
			);
			runOnlyForDeploymentPostprocessing = 0;
		};
		E7DEEF9A1A5E77C700FB1AC3 /* Frameworks */ = {
			isa = PBXFrameworksBuildPhase;
			buildActionMask = 2147483647;
			files = (
			);
			runOnlyForDeploymentPostprocessing = 0;
		};
/* End PBXFrameworksBuildPhase section */

/* Begin PBXGroup section */
		E7DEEF7B1A5E77C400FB1AC3 = {
			isa = PBXGroup;
			children = (
				E7DEEF861A5E77C600FB1AC3 /* NSRegularExpression */,
				E7DEEFA01A5E77C700FB1AC3 /* NSRegularExpressionTests */,
				E7DEEF851A5E77C600FB1AC3 /* Products */,
			);
			sourceTree = "<group>";
		};
		E7DEEF851A5E77C600FB1AC3 /* Products */ = {
			isa = PBXGroup;
			children = (
				E7DEEF841A5E77C600FB1AC3 /* NSRegularExpression.app */,
				E7DEEF9D1A5E77C700FB1AC3 /* NSRegularExpressionTests.xctest */,
			);
			name = Products;
			sourceTree = "<group>";
		};
		E7DEEF861A5E77C600FB1AC3 /* NSRegularExpression */ = {
			isa = PBXGroup;
			children = (
				E7DEEFAD1A5E846B00FB1AC3 /* RegEx Categories */,
				E7DEEF8B1A5E77C600FB1AC3 /* AppDelegate.h */,
				E7DEEF8C1A5E77C600FB1AC3 /* AppDelegate.m */,
				E7DEEF8E1A5E77C600FB1AC3 /* ViewController.h */,
				E7DEEF8F1A5E77C600FB1AC3 /* ViewController.m */,
				E7DEEF911A5E77C600FB1AC3 /* Main.storyboard */,
				E7DEEF941A5E77C600FB1AC3 /* Images.xcassets */,
				E7DEEF961A5E77C600FB1AC3 /* LaunchScreen.xib */,
				E7DEEF871A5E77C600FB1AC3 /* Supporting Files */,
			);
			path = NSRegularExpression;
			sourceTree = "<group>";
		};
		E7DEEF871A5E77C600FB1AC3 /* Supporting Files */ = {
			isa = PBXGroup;
			children = (
				E7DEEF881A5E77C600FB1AC3 /* Info.plist */,
				E7DEEF891A5E77C600FB1AC3 /* main.m */,
			);
			name = "Supporting Files";
			sourceTree = "<group>";
		};
		E7DEEFA01A5E77C700FB1AC3 /* NSRegularExpressionTests */ = {
			isa = PBXGroup;
			children = (
				E7DEEFA31A5E77C700FB1AC3 /* NSRegularExpressionTests.m */,
				E7DEEFA11A5E77C700FB1AC3 /* Supporting Files */,
			);
			path = NSRegularExpressionTests;
			sourceTree = "<group>";
		};
		E7DEEFA11A5E77C700FB1AC3 /* Supporting Files */ = {
			isa = PBXGroup;
			children = (
				E7DEEFA21A5E77C700FB1AC3 /* Info.plist */,
			);
			name = "Supporting Files";
			sourceTree = "<group>";
		};
		E7DEEFAD1A5E846B00FB1AC3 /* RegEx Categories */ = {
			isa = PBXGroup;
			children = (
				E7DEEFAE1A5E84E400FB1AC3 /* RegExCategories.h */,
				E7DEEFAF1A5E84E400FB1AC3 /* RegExCategories.m */,
			);
			name = "RegEx Categories";
			sourceTree = "<group>";
		};
/* End PBXGroup section */

/* Begin PBXNativeTarget section */
		E7DEEF831A5E77C600FB1AC3 /* NSRegularExpression */ = {
			isa = PBXNativeTarget;
			buildConfigurationList = E7DEEFA71A5E77C700FB1AC3 /* Build configuration list for PBXNativeTarget "NSRegularExpression" */;
			buildPhases = (
				E7DEEF801A5E77C600FB1AC3 /* Sources */,
				E7DEEF811A5E77C600FB1AC3 /* Frameworks */,
				E7DEEF821A5E77C600FB1AC3 /* Resources */,
			);
			buildRules = (
			);
			dependencies = (
			);
			name = NSRegularExpression;
			productName = NSRegularExpression;
			productReference = E7DEEF841A5E77C600FB1AC3 /* NSRegularExpression.app */;
			productType = "com.apple.product-type.application";
		};
		E7DEEF9C1A5E77C700FB1AC3 /* NSRegularExpressionTests */ = {
			isa = PBXNativeTarget;
			buildConfigurationList = E7DEEFAA1A5E77C700FB1AC3 /* Build configuration list for PBXNativeTarget "NSRegularExpressionTests" */;
			buildPhases = (
				E7DEEF991A5E77C700FB1AC3 /* Sources */,
				E7DEEF9A1A5E77C700FB1AC3 /* Frameworks */,
				E7DEEF9B1A5E77C700FB1AC3 /* Resources */,
			);
			buildRules = (
			);
			dependencies = (
				E7DEEF9F1A5E77C700FB1AC3 /* PBXTargetDependency */,
			);
			name = NSRegularExpressionTests;
			productName = NSRegularExpressionTests;
			productReference = E7DEEF9D1A5E77C700FB1AC3 /* NSRegularExpressionTests.xctest */;
			productType = "com.apple.product-type.bundle.unit-test";
		};
/* End PBXNativeTarget section */

/* Begin PBXProject section */
		E7DEEF7C1A5E77C500FB1AC3 /* Project object */ = {
			isa = PBXProject;
			attributes = {
				LastUpgradeCheck = 0610;
				ORGANIZATIONNAME = Arthur;
				TargetAttributes = {
					E7DEEF831A5E77C600FB1AC3 = {
						CreatedOnToolsVersion = 6.1;
					};
					E7DEEF9C1A5E77C700FB1AC3 = {
						CreatedOnToolsVersion = 6.1;
						TestTargetID = E7DEEF831A5E77C600FB1AC3;
					};
				};
			};
			buildConfigurationList = E7DEEF7F1A5E77C500FB1AC3 /* Build configuration list for PBXProject "NSRegularExpression" */;
			compatibilityVersion = "Xcode 3.2";
			developmentRegion = English;
			hasScannedForEncodings = 0;
			knownRegions = (
				en,
				Base,
			);
			mainGroup = E7DEEF7B1A5E77C400FB1AC3;
			productRefGroup = E7DEEF851A5E77C600FB1AC3 /* Products */;
			projectDirPath = "";
			projectRoot = "";
			targets = (
				E7DEEF831A5E77C600FB1AC3 /* NSRegularExpression */,
				E7DEEF9C1A5E77C700FB1AC3 /* NSRegularExpressionTests */,
			);
		};
/* End PBXProject section */

/* Begin PBXResourcesBuildPhase section */
		E7DEEF821A5E77C600FB1AC3 /* Resources */ = {
			isa = PBXResourcesBuildPhase;
			buildActionMask = 2147483647;
			files = (
				E7DEEF931A5E77C600FB1AC3 /* Main.storyboard in Resources */,
				E7DEEF981A5E77C600FB1AC3 /* LaunchScreen.xib in Resources */,
				E7DEEF951A5E77C600FB1AC3 /* Images.xcassets in Resources */,
			);
			runOnlyForDeploymentPostprocessing = 0;
		};
		E7DEEF9B1A5E77C700FB1AC3 /* Resources */ = {
			isa = PBXResourcesBuildPhase;
			buildActionMask = 2147483647;
			files = (
			);
			runOnlyForDeploymentPostprocessing = 0;
		};
/* End PBXResourcesBuildPhase section */

/* Begin PBXSourcesBuildPhase section */
		E7DEEF801A5E77C600FB1AC3 /* Sources */ = {
			isa = PBXSourcesBuildPhase;
			buildActionMask = 2147483647;
			files = (
				E7DEEF901A5E77C600FB1AC3 /* ViewController.m in Sources */,
				E7DEEFB01A5E84E400FB1AC3 /* RegExCategories.m in Sources */,
				E7DEEF8D1A5E77C600FB1AC3 /* AppDelegate.m in Sources */,
				E7DEEF8A1A5E77C600FB1AC3 /* main.m in Sources */,
			);
			runOnlyForDeploymentPostprocessing = 0;
		};
		E7DEEF991A5E77C700FB1AC3 /* Sources */ = {
			isa = PBXSourcesBuildPhase;
			buildActionMask = 2147483647;
			files = (
				E7DEEFA41A5E77C700FB1AC3 /* NSRegularExpressionTests.m in Sources */,
			);
			runOnlyForDeploymentPostprocessing = 0;
		};
/* End PBXSourcesBuildPhase section */

/* Begin PBXTargetDependency section */
		E7DEEF9F1A5E77C700FB1AC3 /* PBXTargetDependency */ = {
			isa = PBXTargetDependency;
			target = E7DEEF831A5E77C600FB1AC3 /* NSRegularExpression */;
			targetProxy = E7DEEF9E1A5E77C700FB1AC3 /* PBXContainerItemProxy */;
		};
/* End PBXTargetDependency section */

/* Begin PBXVariantGroup section */
		E7DEEF911A5E77C600FB1AC3 /* Main.storyboard */ = {
			isa = PBXVariantGroup;
			children = (
				E7DEEF921A5E77C600FB1AC3 /* Base */,
			);
			name = Main.storyboard;
			sourceTree = "<group>";
		};
		E7DEEF961A5E77C600FB1AC3 /* LaunchScreen.xib */ = {
			isa = PBXVariantGroup;
			children = (
				E7DEEF971A5E77C600FB1AC3 /* Base */,
			);
			name = LaunchScreen.xib;
			sourceTree = "<group>";
		};
/* End PBXVariantGroup section */

/* Begin XCBuildConfiguration section */
		E7DEEFA51A5E77C700FB1AC3 /* Debug */ = {
			isa = XCBuildConfiguration;
			buildSettings = {
				ALWAYS_SEARCH_USER_PATHS = NO;
				CLANG_CXX_LANGUAGE_STANDARD = "gnu++0x";
				CLANG_CXX_LIBRARY = "libc++";
				CLANG_ENABLE_MODULES = YES;
				CLANG_ENABLE_OBJC_ARC = YES;
				CLANG_WARN_BOOL_CONVERSION = YES;
				CLANG_WARN_CONSTANT_CONVERSION = YES;
				CLANG_WARN_DIRECT_OBJC_ISA_USAGE = YES_ERROR;
				CLANG_WARN_EMPTY_BODY = YES;
				CLANG_WARN_ENUM_CONVERSION = YES;
				CLANG_WARN_INT_CONVERSION = YES;
				CLANG_WARN_OBJC_ROOT_CLASS = YES_ERROR;
				CLANG_WARN_UNREACHABLE_CODE = YES;
				CLANG_WARN__DUPLICATE_METHOD_MATCH = YES;
				"CODE_SIGN_IDENTITY[sdk=iphoneos*]" = "iPhone Developer";
				COPY_PHASE_STRIP = NO;
				ENABLE_STRICT_OBJC_MSGSEND = YES;
				GCC_C_LANGUAGE_STANDARD = gnu99;
				GCC_DYNAMIC_NO_PIC = NO;
				GCC_OPTIMIZATION_LEVEL = 0;
				GCC_PREPROCESSOR_DEFINITIONS = (
					"DEBUG=1",
					"$(inherited)",
				);
				GCC_SYMBOLS_PRIVATE_EXTERN = NO;
				GCC_WARN_64_TO_32_BIT_CONVERSION = YES;
				GCC_WARN_ABOUT_RETURN_TYPE = YES_ERROR;
				GCC_WARN_UNDECLARED_SELECTOR = YES;
				GCC_WARN_UNINITIALIZED_AUTOS = YES_AGGRESSIVE;
				GCC_WARN_UNUSED_FUNCTION = YES;
				GCC_WARN_UNUSED_VARIABLE = YES;
				IPHONEOS_DEPLOYMENT_TARGET = 8.1;
				MTL_ENABLE_DEBUG_INFO = YES;
				ONLY_ACTIVE_ARCH = YES;
				SDKROOT = iphoneos;
			};
			name = Debug;
		};
		E7DEEFA61A5E77C700FB1AC3 /* Release */ = {
			isa = XCBuildConfiguration;
			buildSettings = {
				ALWAYS_SEARCH_USER_PATHS = NO;
				CLANG_CXX_LANGUAGE_STANDARD = "gnu++0x";
				CLANG_CXX_LIBRARY = "libc++";
				CLANG_ENABLE_MODULES = YES;
				CLANG_ENABLE_OBJC_ARC = YES;
				CLANG_WARN_BOOL_CONVERSION = YES;
				CLANG_WARN_CONSTANT_CONVERSION = YES;
				CLANG_WARN_DIRECT_OBJC_ISA_USAGE = YES_ERROR;
				CLANG_WARN_EMPTY_BODY = YES;
				CLANG_WARN_ENUM_CONVERSION = YES;
				CLANG_WARN_INT_CONVERSION = YES;
				CLANG_WARN_OBJC_ROOT_CLASS = YES_ERROR;
				CLANG_WARN_UNREACHABLE_CODE = YES;
				CLANG_WARN__DUPLICATE_METHOD_MATCH = YES;
				"CODE_SIGN_IDENTITY[sdk=iphoneos*]" = "iPhone Developer";
				COPY_PHASE_STRIP = YES;
				ENABLE_NS_ASSERTIONS = NO;
				ENABLE_STRICT_OBJC_MSGSEND = YES;
				GCC_C_LANGUAGE_STANDARD = gnu99;
				GCC_WARN_64_TO_32_BIT_CONVERSION = YES;
				GCC_WARN_ABOUT_RETURN_TYPE = YES_ERROR;
				GCC_WARN_UNDECLARED_SELECTOR = YES;
				GCC_WARN_UNINITIALIZED_AUTOS = YES_AGGRESSIVE;
				GCC_WARN_UNUSED_FUNCTION = YES;
				GCC_WARN_UNUSED_VARIABLE = YES;
				IPHONEOS_DEPLOYMENT_TARGET = 8.1;
				MTL_ENABLE_DEBUG_INFO = NO;
				SDKROOT = iphoneos;
				VALIDATE_PRODUCT = YES;
			};
			name = Release;
		};
		E7DEEFA81A5E77C700FB1AC3 /* Debug */ = {
			isa = XCBuildConfiguration;
			buildSettings = {
				ASSETCATALOG_COMPILER_APPICON_NAME = AppIcon;
				INFOPLIST_FILE = NSRegularExpression/Info.plist;
				LD_RUNPATH_SEARCH_PATHS = "$(inherited) @executable_path/Frameworks";
				PRODUCT_NAME = "$(TARGET_NAME)";
			};
			name = Debug;
		};
		E7DEEFA91A5E77C700FB1AC3 /* Release */ = {
			isa = XCBuildConfiguration;
			buildSettings = {
				ASSETCATALOG_COMPILER_APPICON_NAME = AppIcon;
				INFOPLIST_FILE = NSRegularExpression/Info.plist;
				LD_RUNPATH_SEARCH_PATHS = "$(inherited) @executable_path/Frameworks";
				PRODUCT_NAME = "$(TARGET_NAME)";
			};
			name = Release;
		};
		E7DEEFAB1A5E77C700FB1AC3 /* Debug */ = {
			isa = XCBuildConfiguration;
			buildSettings = {
				BUNDLE_LOADER = "$(TEST_HOST)";
				FRAMEWORK_SEARCH_PATHS = (
					"$(SDKROOT)/Developer/Library/Frameworks",
					"$(inherited)",
				);
				GCC_PREPROCESSOR_DEFINITIONS = (
					"DEBUG=1",
					"$(inherited)",
				);
				INFOPLIST_FILE = NSRegularExpressionTests/Info.plist;
				LD_RUNPATH_SEARCH_PATHS = "$(inherited) @executable_path/Frameworks @loader_path/Frameworks";
				PRODUCT_NAME = "$(TARGET_NAME)";
				TEST_HOST = "$(BUILT_PRODUCTS_DIR)/NSRegularExpression.app/NSRegularExpression";
			};
			name = Debug;
		};
		E7DEEFAC1A5E77C700FB1AC3 /* Release */ = {
			isa = XCBuildConfiguration;
			buildSettings = {
				BUNDLE_LOADER = "$(TEST_HOST)";
				FRAMEWORK_SEARCH_PATHS = (
					"$(SDKROOT)/Developer/Library/Frameworks",
					"$(inherited)",
				);
				INFOPLIST_FILE = NSRegularExpressionTests/Info.plist;
				LD_RUNPATH_SEARCH_PATHS = "$(inherited) @executable_path/Frameworks @loader_path/Frameworks";
				PRODUCT_NAME = "$(TARGET_NAME)";
				TEST_HOST = "$(BUILT_PRODUCTS_DIR)/NSRegularExpression.app/NSRegularExpression";
			};
			name = Release;
		};
/* End XCBuildConfiguration section */

/* Begin XCConfigurationList section */
		E7DEEF7F1A5E77C500FB1AC3 /* Build configuration list for PBXProject "NSRegularExpression" */ = {
			isa = XCConfigurationList;
			buildConfigurations = (
				E7DEEFA51A5E77C700FB1AC3 /* Debug */,
				E7DEEFA61A5E77C700FB1AC3 /* Release */,
			);
			defaultConfigurationIsVisible = 0;
			defaultConfigurationName = Release;
		};
		E7DEEFA71A5E77C700FB1AC3 /* Build configuration list for PBXNativeTarget "NSRegularExpression" */ = {
			isa = XCConfigurationList;
			buildConfigurations = (
				E7DEEFA81A5E77C700FB1AC3 /* Debug */,
				E7DEEFA91A5E77C700FB1AC3 /* Release */,
			);
			defaultConfigurationIsVisible = 0;
		};
		E7DEEFAA1A5E77C700FB1AC3 /* Build configuration list for PBXNativeTarget "NSRegularExpressionTests" */ = {
			isa = XCConfigurationList;
			buildConfigurations = (
				E7DEEFAB1A5E77C700FB1AC3 /* Debug */,
				E7DEEFAC1A5E77C700FB1AC3 /* Release */,
			);
			defaultConfigurationIsVisible = 0;
		};
/* End XCConfigurationList section */
	};
	rootObject = E7DEEF7C1A5E77C500FB1AC3 /* Project object */;
}
